// !$*UTF8*$!
{
	archiveVersion = 1;
	classes = {
	};
	objectVersion = 50;
	objects = {

/* Begin PBXBuildFile section */
		1701D49E210143DB00A24025 /* AWSElasticLoadBalancing.framework in Frameworks */ = {isa = PBXBuildFile; fileRef = 1701D478210143D600A24025 /* AWSElasticLoadBalancing.framework */; };
		1701D49F210143DB00A24025 /* AWSElasticLoadBalancing.framework in Embed Frameworks */ = {isa = PBXBuildFile; fileRef = 1701D478210143D600A24025 /* AWSElasticLoadBalancing.framework */; settings = {ATTRIBUTES = (CodeSignOnCopy, RemoveHeadersOnCopy, ); }; };
		1701D4A0210143DB00A24025 /* AWSSES.framework in Frameworks */ = {isa = PBXBuildFile; fileRef = 1701D479210143D600A24025 /* AWSSES.framework */; };
		1701D4A1210143DB00A24025 /* AWSSES.framework in Embed Frameworks */ = {isa = PBXBuildFile; fileRef = 1701D479210143D600A24025 /* AWSSES.framework */; settings = {ATTRIBUTES = (CodeSignOnCopy, RemoveHeadersOnCopy, ); }; };
		1701D4A2210143DB00A24025 /* AWSSimpleDB.framework in Frameworks */ = {isa = PBXBuildFile; fileRef = 1701D47A210143D600A24025 /* AWSSimpleDB.framework */; };
		1701D4A3210143DB00A24025 /* AWSSimpleDB.framework in Embed Frameworks */ = {isa = PBXBuildFile; fileRef = 1701D47A210143D600A24025 /* AWSSimpleDB.framework */; settings = {ATTRIBUTES = (CodeSignOnCopy, RemoveHeadersOnCopy, ); }; };
		1701D4A4210143DB00A24025 /* AWSIoT.framework in Frameworks */ = {isa = PBXBuildFile; fileRef = 1701D47B210143D700A24025 /* AWSIoT.framework */; };
		1701D4A5210143DB00A24025 /* AWSIoT.framework in Embed Frameworks */ = {isa = PBXBuildFile; fileRef = 1701D47B210143D700A24025 /* AWSIoT.framework */; settings = {ATTRIBUTES = (CodeSignOnCopy, RemoveHeadersOnCopy, ); }; };
		1701D4A6210143DB00A24025 /* AWSTranslate.framework in Frameworks */ = {isa = PBXBuildFile; fileRef = 1701D47C210143D700A24025 /* AWSTranslate.framework */; };
		1701D4A7210143DB00A24025 /* AWSTranslate.framework in Embed Frameworks */ = {isa = PBXBuildFile; fileRef = 1701D47C210143D700A24025 /* AWSTranslate.framework */; settings = {ATTRIBUTES = (CodeSignOnCopy, RemoveHeadersOnCopy, ); }; };
		1701D4A8210143DB00A24025 /* AWSUserPoolsSignIn.framework in Frameworks */ = {isa = PBXBuildFile; fileRef = 1701D47D210143D700A24025 /* AWSUserPoolsSignIn.framework */; };
		1701D4A9210143DB00A24025 /* AWSUserPoolsSignIn.framework in Embed Frameworks */ = {isa = PBXBuildFile; fileRef = 1701D47D210143D700A24025 /* AWSUserPoolsSignIn.framework */; settings = {ATTRIBUTES = (CodeSignOnCopy, RemoveHeadersOnCopy, ); }; };
		1701D4AA210143DB00A24025 /* AWSSNS.framework in Frameworks */ = {isa = PBXBuildFile; fileRef = 1701D47E210143D700A24025 /* AWSSNS.framework */; };
		1701D4AB210143DB00A24025 /* AWSSNS.framework in Embed Frameworks */ = {isa = PBXBuildFile; fileRef = 1701D47E210143D700A24025 /* AWSSNS.framework */; settings = {ATTRIBUTES = (CodeSignOnCopy, RemoveHeadersOnCopy, ); }; };
		1701D4AC210143DB00A24025 /* AWSCloudWatch.framework in Frameworks */ = {isa = PBXBuildFile; fileRef = 1701D47F210143D700A24025 /* AWSCloudWatch.framework */; };
		1701D4AD210143DB00A24025 /* AWSCloudWatch.framework in Embed Frameworks */ = {isa = PBXBuildFile; fileRef = 1701D47F210143D700A24025 /* AWSCloudWatch.framework */; settings = {ATTRIBUTES = (CodeSignOnCopy, RemoveHeadersOnCopy, ); }; };
		1701D4AE210143DB00A24025 /* AWSMachineLearning.framework in Frameworks */ = {isa = PBXBuildFile; fileRef = 1701D480210143D700A24025 /* AWSMachineLearning.framework */; };
		1701D4AF210143DB00A24025 /* AWSMachineLearning.framework in Embed Frameworks */ = {isa = PBXBuildFile; fileRef = 1701D480210143D700A24025 /* AWSMachineLearning.framework */; settings = {ATTRIBUTES = (CodeSignOnCopy, RemoveHeadersOnCopy, ); }; };
		1701D4B0210143DB00A24025 /* AWSGoogleSignIn.framework in Frameworks */ = {isa = PBXBuildFile; fileRef = 1701D481210143D700A24025 /* AWSGoogleSignIn.framework */; };
		1701D4B1210143DB00A24025 /* AWSGoogleSignIn.framework in Embed Frameworks */ = {isa = PBXBuildFile; fileRef = 1701D481210143D700A24025 /* AWSGoogleSignIn.framework */; settings = {ATTRIBUTES = (CodeSignOnCopy, RemoveHeadersOnCopy, ); }; };
		1701D4B2210143DB00A24025 /* AWSFacebookSignIn.framework in Frameworks */ = {isa = PBXBuildFile; fileRef = 1701D482210143D700A24025 /* AWSFacebookSignIn.framework */; };
		1701D4B3210143DB00A24025 /* AWSFacebookSignIn.framework in Embed Frameworks */ = {isa = PBXBuildFile; fileRef = 1701D482210143D700A24025 /* AWSFacebookSignIn.framework */; settings = {ATTRIBUTES = (CodeSignOnCopy, RemoveHeadersOnCopy, ); }; };
		1701D4B4210143DB00A24025 /* AWSLambda.framework in Frameworks */ = {isa = PBXBuildFile; fileRef = 1701D483210143D700A24025 /* AWSLambda.framework */; };
		1701D4B5210143DB00A24025 /* AWSLambda.framework in Embed Frameworks */ = {isa = PBXBuildFile; fileRef = 1701D483210143D700A24025 /* AWSLambda.framework */; settings = {ATTRIBUTES = (CodeSignOnCopy, RemoveHeadersOnCopy, ); }; };
		1701D4B6210143DB00A24025 /* AWSAPIGateway.framework in Frameworks */ = {isa = PBXBuildFile; fileRef = 1701D484210143D700A24025 /* AWSAPIGateway.framework */; };
		1701D4B7210143DB00A24025 /* AWSAPIGateway.framework in Embed Frameworks */ = {isa = PBXBuildFile; fileRef = 1701D484210143D700A24025 /* AWSAPIGateway.framework */; settings = {ATTRIBUTES = (CodeSignOnCopy, RemoveHeadersOnCopy, ); }; };
		1701D4B8210143DB00A24025 /* AWSAuthUI.framework in Frameworks */ = {isa = PBXBuildFile; fileRef = 1701D485210143D800A24025 /* AWSAuthUI.framework */; };
		1701D4B9210143DB00A24025 /* AWSAuthUI.framework in Embed Frameworks */ = {isa = PBXBuildFile; fileRef = 1701D485210143D800A24025 /* AWSAuthUI.framework */; settings = {ATTRIBUTES = (CodeSignOnCopy, RemoveHeadersOnCopy, ); }; };
		1701D4BA210143DB00A24025 /* AWSCognito.framework in Frameworks */ = {isa = PBXBuildFile; fileRef = 1701D486210143D800A24025 /* AWSCognito.framework */; };
		1701D4BB210143DB00A24025 /* AWSCognito.framework in Embed Frameworks */ = {isa = PBXBuildFile; fileRef = 1701D486210143D800A24025 /* AWSCognito.framework */; settings = {ATTRIBUTES = (CodeSignOnCopy, RemoveHeadersOnCopy, ); }; };
		1701D4BC210143DB00A24025 /* AWSTranscribe.framework in Frameworks */ = {isa = PBXBuildFile; fileRef = 1701D487210143D800A24025 /* AWSTranscribe.framework */; };
		1701D4BD210143DB00A24025 /* AWSTranscribe.framework in Embed Frameworks */ = {isa = PBXBuildFile; fileRef = 1701D487210143D800A24025 /* AWSTranscribe.framework */; settings = {ATTRIBUTES = (CodeSignOnCopy, RemoveHeadersOnCopy, ); }; };
		1701D4BE210143DB00A24025 /* AWSLex.framework in Frameworks */ = {isa = PBXBuildFile; fileRef = 1701D488210143D800A24025 /* AWSLex.framework */; };
		1701D4BF210143DB00A24025 /* AWSLex.framework in Embed Frameworks */ = {isa = PBXBuildFile; fileRef = 1701D488210143D800A24025 /* AWSLex.framework */; settings = {ATTRIBUTES = (CodeSignOnCopy, RemoveHeadersOnCopy, ); }; };
		1701D4C0210143DB00A24025 /* AWSCore.framework in Frameworks */ = {isa = PBXBuildFile; fileRef = 1701D489210143D800A24025 /* AWSCore.framework */; };
		1701D4C1210143DB00A24025 /* AWSCore.framework in Embed Frameworks */ = {isa = PBXBuildFile; fileRef = 1701D489210143D800A24025 /* AWSCore.framework */; settings = {ATTRIBUTES = (CodeSignOnCopy, RemoveHeadersOnCopy, ); }; };
		1701D4C2210143DB00A24025 /* AWSPinpoint.framework in Frameworks */ = {isa = PBXBuildFile; fileRef = 1701D48A210143D800A24025 /* AWSPinpoint.framework */; };
		1701D4C3210143DB00A24025 /* AWSPinpoint.framework in Embed Frameworks */ = {isa = PBXBuildFile; fileRef = 1701D48A210143D800A24025 /* AWSPinpoint.framework */; settings = {ATTRIBUTES = (CodeSignOnCopy, RemoveHeadersOnCopy, ); }; };
		1701D4C4210143DB00A24025 /* AWSEC2.framework in Frameworks */ = {isa = PBXBuildFile; fileRef = 1701D48B210143D800A24025 /* AWSEC2.framework */; };
		1701D4C5210143DB00A24025 /* AWSEC2.framework in Embed Frameworks */ = {isa = PBXBuildFile; fileRef = 1701D48B210143D800A24025 /* AWSEC2.framework */; settings = {ATTRIBUTES = (CodeSignOnCopy, RemoveHeadersOnCopy, ); }; };
		1701D4C6210143DB00A24025 /* AWSSQS.framework in Frameworks */ = {isa = PBXBuildFile; fileRef = 1701D48C210143D800A24025 /* AWSSQS.framework */; };
		1701D4C7210143DB00A24025 /* AWSSQS.framework in Embed Frameworks */ = {isa = PBXBuildFile; fileRef = 1701D48C210143D800A24025 /* AWSSQS.framework */; settings = {ATTRIBUTES = (CodeSignOnCopy, RemoveHeadersOnCopy, ); }; };
		1701D4C8210143DB00A24025 /* AWSCognitoIdentityProvider.framework in Frameworks */ = {isa = PBXBuildFile; fileRef = 1701D48D210143D900A24025 /* AWSCognitoIdentityProvider.framework */; };
		1701D4C9210143DB00A24025 /* AWSCognitoIdentityProvider.framework in Embed Frameworks */ = {isa = PBXBuildFile; fileRef = 1701D48D210143D900A24025 /* AWSCognitoIdentityProvider.framework */; settings = {ATTRIBUTES = (CodeSignOnCopy, RemoveHeadersOnCopy, ); }; };
		1701D4CA210143DB00A24025 /* AWSCognitoIdentityProviderASF.framework in Frameworks */ = {isa = PBXBuildFile; fileRef = 1701D48E210143D900A24025 /* AWSCognitoIdentityProviderASF.framework */; };
		1701D4CB210143DB00A24025 /* AWSCognitoIdentityProviderASF.framework in Embed Frameworks */ = {isa = PBXBuildFile; fileRef = 1701D48E210143D900A24025 /* AWSCognitoIdentityProviderASF.framework */; settings = {ATTRIBUTES = (CodeSignOnCopy, RemoveHeadersOnCopy, ); }; };
		1701D4CC210143DB00A24025 /* AWSMobileAnalytics.framework in Frameworks */ = {isa = PBXBuildFile; fileRef = 1701D48F210143D900A24025 /* AWSMobileAnalytics.framework */; };
		1701D4CD210143DB00A24025 /* AWSMobileAnalytics.framework in Embed Frameworks */ = {isa = PBXBuildFile; fileRef = 1701D48F210143D900A24025 /* AWSMobileAnalytics.framework */; settings = {ATTRIBUTES = (CodeSignOnCopy, RemoveHeadersOnCopy, ); }; };
		1701D4CE210143DB00A24025 /* AWSCognitoAuth.framework in Frameworks */ = {isa = PBXBuildFile; fileRef = 1701D490210143D900A24025 /* AWSCognitoAuth.framework */; };
		1701D4CF210143DB00A24025 /* AWSCognitoAuth.framework in Embed Frameworks */ = {isa = PBXBuildFile; fileRef = 1701D490210143D900A24025 /* AWSCognitoAuth.framework */; settings = {ATTRIBUTES = (CodeSignOnCopy, RemoveHeadersOnCopy, ); }; };
		1701D4D0210143DB00A24025 /* AWSAutoScaling.framework in Frameworks */ = {isa = PBXBuildFile; fileRef = 1701D491210143D900A24025 /* AWSAutoScaling.framework */; };
		1701D4D1210143DB00A24025 /* AWSAutoScaling.framework in Embed Frameworks */ = {isa = PBXBuildFile; fileRef = 1701D491210143D900A24025 /* AWSAutoScaling.framework */; settings = {ATTRIBUTES = (CodeSignOnCopy, RemoveHeadersOnCopy, ); }; };
		1701D4D2210143DB00A24025 /* AWSKinesis.framework in Frameworks */ = {isa = PBXBuildFile; fileRef = 1701D492210143D900A24025 /* AWSKinesis.framework */; };
		1701D4D3210143DB00A24025 /* AWSKinesis.framework in Embed Frameworks */ = {isa = PBXBuildFile; fileRef = 1701D492210143D900A24025 /* AWSKinesis.framework */; settings = {ATTRIBUTES = (CodeSignOnCopy, RemoveHeadersOnCopy, ); }; };
		1701D4D4210143DB00A24025 /* AWSKinesisVideo.framework in Frameworks */ = {isa = PBXBuildFile; fileRef = 1701D493210143D900A24025 /* AWSKinesisVideo.framework */; };
		1701D4D5210143DB00A24025 /* AWSKinesisVideo.framework in Embed Frameworks */ = {isa = PBXBuildFile; fileRef = 1701D493210143D900A24025 /* AWSKinesisVideo.framework */; settings = {ATTRIBUTES = (CodeSignOnCopy, RemoveHeadersOnCopy, ); }; };
		1701D4D6210143DB00A24025 /* AWSLogs.framework in Frameworks */ = {isa = PBXBuildFile; fileRef = 1701D494210143D900A24025 /* AWSLogs.framework */; };
		1701D4D7210143DB00A24025 /* AWSLogs.framework in Embed Frameworks */ = {isa = PBXBuildFile; fileRef = 1701D494210143D900A24025 /* AWSLogs.framework */; settings = {ATTRIBUTES = (CodeSignOnCopy, RemoveHeadersOnCopy, ); }; };
		1701D4D8210143DB00A24025 /* AWSMobileClient.framework in Frameworks */ = {isa = PBXBuildFile; fileRef = 1701D495210143DA00A24025 /* AWSMobileClient.framework */; };
		1701D4D9210143DB00A24025 /* AWSMobileClient.framework in Embed Frameworks */ = {isa = PBXBuildFile; fileRef = 1701D495210143DA00A24025 /* AWSMobileClient.framework */; settings = {ATTRIBUTES = (CodeSignOnCopy, RemoveHeadersOnCopy, ); }; };
		1701D4DA210143DB00A24025 /* AWSAuthCore.framework in Frameworks */ = {isa = PBXBuildFile; fileRef = 1701D496210143DA00A24025 /* AWSAuthCore.framework */; };
		1701D4DB210143DB00A24025 /* AWSAuthCore.framework in Embed Frameworks */ = {isa = PBXBuildFile; fileRef = 1701D496210143DA00A24025 /* AWSAuthCore.framework */; settings = {ATTRIBUTES = (CodeSignOnCopy, RemoveHeadersOnCopy, ); }; };
		1701D4DC210143DB00A24025 /* AWSPolly.framework in Frameworks */ = {isa = PBXBuildFile; fileRef = 1701D497210143DA00A24025 /* AWSPolly.framework */; };
		1701D4DD210143DB00A24025 /* AWSPolly.framework in Embed Frameworks */ = {isa = PBXBuildFile; fileRef = 1701D497210143DA00A24025 /* AWSPolly.framework */; settings = {ATTRIBUTES = (CodeSignOnCopy, RemoveHeadersOnCopy, ); }; };
		1701D4DE210143DB00A24025 /* AWSS3.framework in Frameworks */ = {isa = PBXBuildFile; fileRef = 1701D498210143DA00A24025 /* AWSS3.framework */; };
		1701D4DF210143DB00A24025 /* AWSS3.framework in Embed Frameworks */ = {isa = PBXBuildFile; fileRef = 1701D498210143DA00A24025 /* AWSS3.framework */; settings = {ATTRIBUTES = (CodeSignOnCopy, RemoveHeadersOnCopy, ); }; };
		1701D4E0210143DB00A24025 /* AWSKinesisVideoArchivedMedia.framework in Frameworks */ = {isa = PBXBuildFile; fileRef = 1701D499210143DA00A24025 /* AWSKinesisVideoArchivedMedia.framework */; };
		1701D4E1210143DB00A24025 /* AWSKinesisVideoArchivedMedia.framework in Embed Frameworks */ = {isa = PBXBuildFile; fileRef = 1701D499210143DA00A24025 /* AWSKinesisVideoArchivedMedia.framework */; settings = {ATTRIBUTES = (CodeSignOnCopy, RemoveHeadersOnCopy, ); }; };
		1701D4E2210143DB00A24025 /* AWSRekognition.framework in Frameworks */ = {isa = PBXBuildFile; fileRef = 1701D49A210143DA00A24025 /* AWSRekognition.framework */; };
		1701D4E3210143DB00A24025 /* AWSRekognition.framework in Embed Frameworks */ = {isa = PBXBuildFile; fileRef = 1701D49A210143DA00A24025 /* AWSRekognition.framework */; settings = {ATTRIBUTES = (CodeSignOnCopy, RemoveHeadersOnCopy, ); }; };
		1701D4E4210143DB00A24025 /* AWSKMS.framework in Frameworks */ = {isa = PBXBuildFile; fileRef = 1701D49B210143DB00A24025 /* AWSKMS.framework */; };
		1701D4E5210143DB00A24025 /* AWSKMS.framework in Embed Frameworks */ = {isa = PBXBuildFile; fileRef = 1701D49B210143DB00A24025 /* AWSKMS.framework */; settings = {ATTRIBUTES = (CodeSignOnCopy, RemoveHeadersOnCopy, ); }; };
		1701D4E6210143DB00A24025 /* AWSComprehend.framework in Frameworks */ = {isa = PBXBuildFile; fileRef = 1701D49C210143DB00A24025 /* AWSComprehend.framework */; };
		1701D4E7210143DB00A24025 /* AWSComprehend.framework in Embed Frameworks */ = {isa = PBXBuildFile; fileRef = 1701D49C210143DB00A24025 /* AWSComprehend.framework */; settings = {ATTRIBUTES = (CodeSignOnCopy, RemoveHeadersOnCopy, ); }; };
		1701D4E8210143DC00A24025 /* AWSDynamoDB.framework in Frameworks */ = {isa = PBXBuildFile; fileRef = 1701D49D210143DB00A24025 /* AWSDynamoDB.framework */; };
		1701D4E9210143DC00A24025 /* AWSDynamoDB.framework in Embed Frameworks */ = {isa = PBXBuildFile; fileRef = 1701D49D210143DB00A24025 /* AWSDynamoDB.framework */; settings = {ATTRIBUTES = (CodeSignOnCopy, RemoveHeadersOnCopy, ); }; };
		1714D4082115B822006E2D8C /* AddLocationViewController.swift in Sources */ = {isa = PBXBuildFile; fileRef = 1714D4062115B822006E2D8C /* AddLocationViewController.swift */; };
		1714D4092115B822006E2D8C /* AddLocationViewModel.swift in Sources */ = {isa = PBXBuildFile; fileRef = 1714D4072115B822006E2D8C /* AddLocationViewModel.swift */; };
		1714D40B2115B9C6006E2D8C /* Location.swift in Sources */ = {isa = PBXBuildFile; fileRef = 1714D40A2115B9C6006E2D8C /* Location.swift */; };
		1714D4102115BDD7006E2D8C /* LocationsViewController.swift in Sources */ = {isa = PBXBuildFile; fileRef = 1714D40E2115BDD7006E2D8C /* LocationsViewController.swift */; };
		1714D4112115BDD7006E2D8C /* LocationsViewModel.swift in Sources */ = {isa = PBXBuildFile; fileRef = 1714D40F2115BDD7006E2D8C /* LocationsViewModel.swift */; };
		1714D4132115D509006E2D8C /* LocationMarker.swift in Sources */ = {isa = PBXBuildFile; fileRef = 1714D4122115D509006E2D8C /* LocationMarker.swift */; };
		1714D41521170541006E2D8C /* LocationsService.swift in Sources */ = {isa = PBXBuildFile; fileRef = 1714D41421170541006E2D8C /* LocationsService.swift */; };
		1714D418211723E0006E2D8C /* FindLocationViewController.swift in Sources */ = {isa = PBXBuildFile; fileRef = 1714D416211723E0006E2D8C /* FindLocationViewController.swift */; };
		1714D419211723E0006E2D8C /* FindLocationViewModel.swift in Sources */ = {isa = PBXBuildFile; fileRef = 1714D417211723E0006E2D8C /* FindLocationViewModel.swift */; };
		171722EF213F47B40024AA6B /* LocationManager.swift in Sources */ = {isa = PBXBuildFile; fileRef = 171722EE213F47B40024AA6B /* LocationManager.swift */; };
		171722F1213F52910024AA6B /* GeofenceService.swift in Sources */ = {isa = PBXBuildFile; fileRef = 171722F0213F52910024AA6B /* GeofenceService.swift */; };
		171BF57120F96B5700E4378E /* Alamofire.framework in Frameworks */ = {isa = PBXBuildFile; fileRef = 171BF57020F96B5600E4378E /* Alamofire.framework */; };
		171BF57320F96C0300E4378E /* Result.framework in Frameworks */ = {isa = PBXBuildFile; fileRef = 171BF57220F96C0300E4378E /* Result.framework */; };
		173415BC20F937E600080C48 /* ShoppingListViewController.swift in Sources */ = {isa = PBXBuildFile; fileRef = 173415BB20F937E600080C48 /* ShoppingListViewController.swift */; };
		173415C020F94C2B00080C48 /* Moya.framework in Frameworks */ = {isa = PBXBuildFile; fileRef = 173415BF20F94C2B00080C48 /* Moya.framework */; };
		17417F90210D2D3F00AF3539 /* GoogleConfiguration.swift in Sources */ = {isa = PBXBuildFile; fileRef = 17417F8F210D2D3F00AF3539 /* GoogleConfiguration.swift */; };
		17417F93210D2F2000AF3539 /* GoogleMapsService.swift in Sources */ = {isa = PBXBuildFile; fileRef = 17417F92210D2F2000AF3539 /* GoogleMapsService.swift */; };
		17417F95210D31B500AF3539 /* MapViewController.swift in Sources */ = {isa = PBXBuildFile; fileRef = 17417F94210D31B500AF3539 /* MapViewController.swift */; };
		17417F97210D3EFD00AF3539 /* MapViewModel.swift in Sources */ = {isa = PBXBuildFile; fileRef = 17417F96210D3EFD00AF3539 /* MapViewModel.swift */; };
		17417F99210DDEC300AF3539 /* PlaceMarker.swift in Sources */ = {isa = PBXBuildFile; fileRef = 17417F98210DDEC300AF3539 /* PlaceMarker.swift */; };
		17417F9E210DE51900AF3539 /* GooglePlace.swift in Sources */ = {isa = PBXBuildFile; fileRef = 17417F9D210DE51900AF3539 /* GooglePlace.swift */; };
		17417FA1210DF48E00AF3539 /* GooglePlacesService.swift in Sources */ = {isa = PBXBuildFile; fileRef = 17417FA0210DF48E00AF3539 /* GooglePlacesService.swift */; };
		17417FA3210DF50700AF3539 /* String+Network.swift in Sources */ = {isa = PBXBuildFile; fileRef = 17417FA2210DF50700AF3539 /* String+Network.swift */; };
		17417FA5210DFCBD00AF3539 /* ResponseError.swift in Sources */ = {isa = PBXBuildFile; fileRef = 17417FA4210DFCBD00AF3539 /* ResponseError.swift */; };
		17417FA7210E01BF00AF3539 /* GooglePlacesResponse.swift in Sources */ = {isa = PBXBuildFile; fileRef = 17417FA6210E01BF00AF3539 /* GooglePlacesResponse.swift */; };
		17417FAA210E08C800AF3539 /* MarkerInfoView.swift in Sources */ = {isa = PBXBuildFile; fileRef = 17417FA9210E08C800AF3539 /* MarkerInfoView.swift */; };
		17417FAC210E08E300AF3539 /* MarkerInfoView.xib in Resources */ = {isa = PBXBuildFile; fileRef = 17417FAB210E08E300AF3539 /* MarkerInfoView.xib */; };
		17417FAE210E0DA400AF3539 /* UIView+Extension.swift in Sources */ = {isa = PBXBuildFile; fileRef = 17417FAD210E0DA400AF3539 /* UIView+Extension.swift */; };
		1774B9F7214325E400D1BF9A /* NotificationsManager.swift in Sources */ = {isa = PBXBuildFile; fileRef = 1774B9F6214325E400D1BF9A /* NotificationsManager.swift */; };
		1774B9FE2143BDB500D1BF9A /* String+Extension.swift in Sources */ = {isa = PBXBuildFile; fileRef = 1774B9FD2143BDB500D1BF9A /* String+Extension.swift */; };
		1786727221064684003B906D /* ShoppingListViewModel.swift in Sources */ = {isa = PBXBuildFile; fileRef = 1786727121064684003B906D /* ShoppingListViewModel.swift */; };
		17867275210657FA003B906D /* ShoppingListItem.swift in Sources */ = {isa = PBXBuildFile; fileRef = 17867274210657FA003B906D /* ShoppingListItem.swift */; };
		179A7F6B2117C7DB00C764E6 /* ShoppingListService.swift in Sources */ = {isa = PBXBuildFile; fileRef = 179A7F6A2117C7DB00C764E6 /* ShoppingListService.swift */; };
		179FCAB42118C2E300C20258 /* AddShoppingListItemViewController.swift in Sources */ = {isa = PBXBuildFile; fileRef = 179FCAB22118C2E300C20258 /* AddShoppingListItemViewController.swift */; };
		179FCAB52118C2E300C20258 /* AddShoppingListItemViewModel.swift in Sources */ = {isa = PBXBuildFile; fileRef = 179FCAB32118C2E300C20258 /* AddShoppingListItemViewModel.swift */; };
		17B3E03D20F920CF002F670D /* AppDelegate.swift in Sources */ = {isa = PBXBuildFile; fileRef = 17B3E03C20F920CF002F670D /* AppDelegate.swift */; };
		17B3E03F20F920CF002F670D /* HomeViewController.swift in Sources */ = {isa = PBXBuildFile; fileRef = 17B3E03E20F920CF002F670D /* HomeViewController.swift */; };
		17B3E04220F920CF002F670D /* Main.storyboard in Resources */ = {isa = PBXBuildFile; fileRef = 17B3E04020F920CF002F670D /* Main.storyboard */; };
		17B3E04420F920D1002F670D /* Assets.xcassets in Resources */ = {isa = PBXBuildFile; fileRef = 17B3E04320F920D1002F670D /* Assets.xcassets */; };
		17B3E04720F920D1002F670D /* LaunchScreen.storyboard in Resources */ = {isa = PBXBuildFile; fileRef = 17B3E04520F920D1002F670D /* LaunchScreen.storyboard */; };
		17B3E05220F920D1002F670D /* Shopping_AssistantTests.swift in Sources */ = {isa = PBXBuildFile; fileRef = 17B3E05120F920D1002F670D /* Shopping_AssistantTests.swift */; };
		17B3E05D20F920D1002F670D /* Shopping_AssistantUITests.swift in Sources */ = {isa = PBXBuildFile; fileRef = 17B3E05C20F920D1002F670D /* Shopping_AssistantUITests.swift */; };
		17B3E06B20F924DA002F670D /* Cartfile in Resources */ = {isa = PBXBuildFile; fileRef = 17B3E06A20F924DA002F670D /* Cartfile */; };
		17B3E06E20F9282F002F670D /* Promises.framework in Frameworks */ = {isa = PBXBuildFile; fileRef = 17B3E06D20F9282F002F670D /* Promises.framework */; };
		17B3E07120F92A5F002F670D /* FBLPromises.framework in Frameworks */ = {isa = PBXBuildFile; fileRef = 17B3E07020F92A5F002F670D /* FBLPromises.framework */; };
		17D6E713210149BC0000AFCE /* AmazonClientManager.swift in Sources */ = {isa = PBXBuildFile; fileRef = 17D6E712210149BC0000AFCE /* AmazonClientManager.swift */; };
		17D6E718210154830000AFCE /* AWSConfiguration.swift in Sources */ = {isa = PBXBuildFile; fileRef = 17D6E717210154830000AFCE /* AWSConfiguration.swift */; };
		17D6E71A210166C80000AFCE /* LoginWithAmazon.framework in Frameworks */ = {isa = PBXBuildFile; fileRef = 17D6E719210166C80000AFCE /* LoginWithAmazon.framework */; };
		17D6E71C210167650000AFCE /* Security.framework in Frameworks */ = {isa = PBXBuildFile; fileRef = 17D6E71B210167650000AFCE /* Security.framework */; };
		17D6E71E210167960000AFCE /* SafariServices.framework in Frameworks */ = {isa = PBXBuildFile; fileRef = 17D6E71D210167960000AFCE /* SafariServices.framework */; };
		17E7DBA7210D210F00E79942 /* GoogleMapsCore.framework in Frameworks */ = {isa = PBXBuildFile; fileRef = 17E7DBA4210D210F00E79942 /* GoogleMapsCore.framework */; };
		17E7DBA8210D210F00E79942 /* GoogleMaps.framework in Frameworks */ = {isa = PBXBuildFile; fileRef = 17E7DBA5210D210F00E79942 /* GoogleMaps.framework */; };
		17E7DBA9210D210F00E79942 /* GoogleMapsBase.framework in Frameworks */ = {isa = PBXBuildFile; fileRef = 17E7DBA6210D210F00E79942 /* GoogleMapsBase.framework */; };
		17E7DBAB210D242300E79942 /* Accelerate.framework in Frameworks */ = {isa = PBXBuildFile; fileRef = 17E7DBAA210D242300E79942 /* Accelerate.framework */; };
		17E7DBAD210D243B00E79942 /* CoreGraphics.framework in Frameworks */ = {isa = PBXBuildFile; fileRef = 17E7DBAC210D243B00E79942 /* CoreGraphics.framework */; };
		17E7DBAF210D244F00E79942 /* CoreImage.framework in Frameworks */ = {isa = PBXBuildFile; fileRef = 17E7DBAE210D244F00E79942 /* CoreImage.framework */; };
		17E7DBB1210D245800E79942 /* CoreLocation.framework in Frameworks */ = {isa = PBXBuildFile; fileRef = 17E7DBB0210D245800E79942 /* CoreLocation.framework */; };
		17E7DBB3210D246500E79942 /* GLKit.framework in Frameworks */ = {isa = PBXBuildFile; fileRef = 17E7DBB2210D246500E79942 /* GLKit.framework */; };
		17E7DBB5210D246D00E79942 /* ImageIO.framework in Frameworks */ = {isa = PBXBuildFile; fileRef = 17E7DBB4210D246D00E79942 /* ImageIO.framework */; };
		17E7DBB7210D248800E79942 /* libc++.tbd in Frameworks */ = {isa = PBXBuildFile; fileRef = 17E7DBB6210D248800E79942 /* libc++.tbd */; };
		17E7DBB9210D249300E79942 /* libz.tbd in Frameworks */ = {isa = PBXBuildFile; fileRef = 17E7DBB8210D249300E79942 /* libz.tbd */; };
		17E7DBBB210D249F00E79942 /* OpenGLES.framework in Frameworks */ = {isa = PBXBuildFile; fileRef = 17E7DBBA210D249E00E79942 /* OpenGLES.framework */; };
		17E7DBBD210D24A800E79942 /* QuartzCore.framework in Frameworks */ = {isa = PBXBuildFile; fileRef = 17E7DBBC210D24A800E79942 /* QuartzCore.framework */; };
		17E7DBBF210D24B000E79942 /* SystemConfiguration.framework in Frameworks */ = {isa = PBXBuildFile; fileRef = 17E7DBBE210D24B000E79942 /* SystemConfiguration.framework */; };
		17E7DBC1210D24B600E79942 /* UIKit.framework in Frameworks */ = {isa = PBXBuildFile; fileRef = 17E7DBC0210D24B500E79942 /* UIKit.framework */; };
		17E7DBC3210D24F900E79942 /* CoreText.framework in Frameworks */ = {isa = PBXBuildFile; fileRef = 17E7DBC2210D24F900E79942 /* CoreText.framework */; };
		17E7DBC5210D257600E79942 /* CoreData.framework in Frameworks */ = {isa = PBXBuildFile; fileRef = 17E7DBC4210D257600E79942 /* CoreData.framework */; };
		17E7DBC7210D259600E79942 /* CoreTelephony.framework in Frameworks */ = {isa = PBXBuildFile; fileRef = 17E7DBC6210D259600E79942 /* CoreTelephony.framework */; };
/* End PBXBuildFile section */

/* Begin PBXContainerItemProxy section */
		17B3E04E20F920D1002F670D /* PBXContainerItemProxy */ = {
			isa = PBXContainerItemProxy;
			containerPortal = 17B3E03120F920CF002F670D /* Project object */;
			proxyType = 1;
			remoteGlobalIDString = 17B3E03820F920CF002F670D;
			remoteInfo = "Shopping Assistant";
		};
		17B3E05920F920D1002F670D /* PBXContainerItemProxy */ = {
			isa = PBXContainerItemProxy;
			containerPortal = 17B3E03120F920CF002F670D /* Project object */;
			proxyType = 1;
			remoteGlobalIDString = 17B3E03820F920CF002F670D;
			remoteInfo = "Shopping Assistant";
		};
/* End PBXContainerItemProxy section */

/* Begin PBXCopyFilesBuildPhase section */
		1701D4EA210143DC00A24025 /* Embed Frameworks */ = {
			isa = PBXCopyFilesBuildPhase;
			buildActionMask = 2147483647;
			dstPath = "";
			dstSubfolderSpec = 10;
			files = (
				1701D4A1210143DB00A24025 /* AWSSES.framework in Embed Frameworks */,
				1701D4E3210143DB00A24025 /* AWSRekognition.framework in Embed Frameworks */,
				1701D4C5210143DB00A24025 /* AWSEC2.framework in Embed Frameworks */,
				1701D4D7210143DB00A24025 /* AWSLogs.framework in Embed Frameworks */,
				1701D4D9210143DB00A24025 /* AWSMobileClient.framework in Embed Frameworks */,
				1701D4AF210143DB00A24025 /* AWSMachineLearning.framework in Embed Frameworks */,
				1701D4C9210143DB00A24025 /* AWSCognitoIdentityProvider.framework in Embed Frameworks */,
				1701D4A3210143DB00A24025 /* AWSSimpleDB.framework in Embed Frameworks */,
				1701D4B5210143DB00A24025 /* AWSLambda.framework in Embed Frameworks */,
				1701D4B9210143DB00A24025 /* AWSAuthUI.framework in Embed Frameworks */,
				1701D4DD210143DB00A24025 /* AWSPolly.framework in Embed Frameworks */,
				1701D4E1210143DB00A24025 /* AWSKinesisVideoArchivedMedia.framework in Embed Frameworks */,
				1701D4B1210143DB00A24025 /* AWSGoogleSignIn.framework in Embed Frameworks */,
				1701D4A7210143DB00A24025 /* AWSTranslate.framework in Embed Frameworks */,
				1701D4E7210143DB00A24025 /* AWSComprehend.framework in Embed Frameworks */,
				1701D4BF210143DB00A24025 /* AWSLex.framework in Embed Frameworks */,
				1701D4AB210143DB00A24025 /* AWSSNS.framework in Embed Frameworks */,
				1701D4AD210143DB00A24025 /* AWSCloudWatch.framework in Embed Frameworks */,
				1701D4BB210143DB00A24025 /* AWSCognito.framework in Embed Frameworks */,
				1701D4B3210143DB00A24025 /* AWSFacebookSignIn.framework in Embed Frameworks */,
				1701D4DF210143DB00A24025 /* AWSS3.framework in Embed Frameworks */,
				1701D4C7210143DB00A24025 /* AWSSQS.framework in Embed Frameworks */,
				1701D4BD210143DB00A24025 /* AWSTranscribe.framework in Embed Frameworks */,
				1701D4E5210143DB00A24025 /* AWSKMS.framework in Embed Frameworks */,
				1701D4C3210143DB00A24025 /* AWSPinpoint.framework in Embed Frameworks */,
				1701D4D5210143DB00A24025 /* AWSKinesisVideo.framework in Embed Frameworks */,
				1701D4A9210143DB00A24025 /* AWSUserPoolsSignIn.framework in Embed Frameworks */,
				1701D4CF210143DB00A24025 /* AWSCognitoAuth.framework in Embed Frameworks */,
				1701D49F210143DB00A24025 /* AWSElasticLoadBalancing.framework in Embed Frameworks */,
				1701D4D3210143DB00A24025 /* AWSKinesis.framework in Embed Frameworks */,
				1701D4CD210143DB00A24025 /* AWSMobileAnalytics.framework in Embed Frameworks */,
				1701D4A5210143DB00A24025 /* AWSIoT.framework in Embed Frameworks */,
				1701D4CB210143DB00A24025 /* AWSCognitoIdentityProviderASF.framework in Embed Frameworks */,
				1701D4B7210143DB00A24025 /* AWSAPIGateway.framework in Embed Frameworks */,
				1701D4DB210143DB00A24025 /* AWSAuthCore.framework in Embed Frameworks */,
				1701D4C1210143DB00A24025 /* AWSCore.framework in Embed Frameworks */,
				1701D4E9210143DC00A24025 /* AWSDynamoDB.framework in Embed Frameworks */,
				1701D4D1210143DB00A24025 /* AWSAutoScaling.framework in Embed Frameworks */,
			);
			name = "Embed Frameworks";
			runOnlyForDeploymentPostprocessing = 0;
		};
/* End PBXCopyFilesBuildPhase section */

/* Begin PBXFileReference section */
		1701D478210143D600A24025 /* AWSElasticLoadBalancing.framework */ = {isa = PBXFileReference; lastKnownFileType = wrapper.framework; name = AWSElasticLoadBalancing.framework; path = Carthage/Build/iOS/AWSElasticLoadBalancing.framework; sourceTree = "<group>"; };
		1701D479210143D600A24025 /* AWSSES.framework */ = {isa = PBXFileReference; lastKnownFileType = wrapper.framework; name = AWSSES.framework; path = Carthage/Build/iOS/AWSSES.framework; sourceTree = "<group>"; };
		1701D47A210143D600A24025 /* AWSSimpleDB.framework */ = {isa = PBXFileReference; lastKnownFileType = wrapper.framework; name = AWSSimpleDB.framework; path = Carthage/Build/iOS/AWSSimpleDB.framework; sourceTree = "<group>"; };
		1701D47B210143D700A24025 /* AWSIoT.framework */ = {isa = PBXFileReference; lastKnownFileType = wrapper.framework; name = AWSIoT.framework; path = Carthage/Build/iOS/AWSIoT.framework; sourceTree = "<group>"; };
		1701D47C210143D700A24025 /* AWSTranslate.framework */ = {isa = PBXFileReference; lastKnownFileType = wrapper.framework; name = AWSTranslate.framework; path = Carthage/Build/iOS/AWSTranslate.framework; sourceTree = "<group>"; };
		1701D47D210143D700A24025 /* AWSUserPoolsSignIn.framework */ = {isa = PBXFileReference; lastKnownFileType = wrapper.framework; name = AWSUserPoolsSignIn.framework; path = Carthage/Build/iOS/AWSUserPoolsSignIn.framework; sourceTree = "<group>"; };
		1701D47E210143D700A24025 /* AWSSNS.framework */ = {isa = PBXFileReference; lastKnownFileType = wrapper.framework; name = AWSSNS.framework; path = Carthage/Build/iOS/AWSSNS.framework; sourceTree = "<group>"; };
		1701D47F210143D700A24025 /* AWSCloudWatch.framework */ = {isa = PBXFileReference; lastKnownFileType = wrapper.framework; name = AWSCloudWatch.framework; path = Carthage/Build/iOS/AWSCloudWatch.framework; sourceTree = "<group>"; };
		1701D480210143D700A24025 /* AWSMachineLearning.framework */ = {isa = PBXFileReference; lastKnownFileType = wrapper.framework; name = AWSMachineLearning.framework; path = Carthage/Build/iOS/AWSMachineLearning.framework; sourceTree = "<group>"; };
		1701D481210143D700A24025 /* AWSGoogleSignIn.framework */ = {isa = PBXFileReference; lastKnownFileType = wrapper.framework; name = AWSGoogleSignIn.framework; path = Carthage/Build/iOS/AWSGoogleSignIn.framework; sourceTree = "<group>"; };
		1701D482210143D700A24025 /* AWSFacebookSignIn.framework */ = {isa = PBXFileReference; lastKnownFileType = wrapper.framework; name = AWSFacebookSignIn.framework; path = Carthage/Build/iOS/AWSFacebookSignIn.framework; sourceTree = "<group>"; };
		1701D483210143D700A24025 /* AWSLambda.framework */ = {isa = PBXFileReference; lastKnownFileType = wrapper.framework; name = AWSLambda.framework; path = Carthage/Build/iOS/AWSLambda.framework; sourceTree = "<group>"; };
		1701D484210143D700A24025 /* AWSAPIGateway.framework */ = {isa = PBXFileReference; lastKnownFileType = wrapper.framework; name = AWSAPIGateway.framework; path = Carthage/Build/iOS/AWSAPIGateway.framework; sourceTree = "<group>"; };
		1701D485210143D800A24025 /* AWSAuthUI.framework */ = {isa = PBXFileReference; lastKnownFileType = wrapper.framework; name = AWSAuthUI.framework; path = Carthage/Build/iOS/AWSAuthUI.framework; sourceTree = "<group>"; };
		1701D486210143D800A24025 /* AWSCognito.framework */ = {isa = PBXFileReference; lastKnownFileType = wrapper.framework; name = AWSCognito.framework; path = Carthage/Build/iOS/AWSCognito.framework; sourceTree = "<group>"; };
		1701D487210143D800A24025 /* AWSTranscribe.framework */ = {isa = PBXFileReference; lastKnownFileType = wrapper.framework; name = AWSTranscribe.framework; path = Carthage/Build/iOS/AWSTranscribe.framework; sourceTree = "<group>"; };
		1701D488210143D800A24025 /* AWSLex.framework */ = {isa = PBXFileReference; lastKnownFileType = wrapper.framework; name = AWSLex.framework; path = Carthage/Build/iOS/AWSLex.framework; sourceTree = "<group>"; };
		1701D489210143D800A24025 /* AWSCore.framework */ = {isa = PBXFileReference; lastKnownFileType = wrapper.framework; name = AWSCore.framework; path = Carthage/Build/iOS/AWSCore.framework; sourceTree = "<group>"; };
		1701D48A210143D800A24025 /* AWSPinpoint.framework */ = {isa = PBXFileReference; lastKnownFileType = wrapper.framework; name = AWSPinpoint.framework; path = Carthage/Build/iOS/AWSPinpoint.framework; sourceTree = "<group>"; };
		1701D48B210143D800A24025 /* AWSEC2.framework */ = {isa = PBXFileReference; lastKnownFileType = wrapper.framework; name = AWSEC2.framework; path = Carthage/Build/iOS/AWSEC2.framework; sourceTree = "<group>"; };
		1701D48C210143D800A24025 /* AWSSQS.framework */ = {isa = PBXFileReference; lastKnownFileType = wrapper.framework; name = AWSSQS.framework; path = Carthage/Build/iOS/AWSSQS.framework; sourceTree = "<group>"; };
		1701D48D210143D900A24025 /* AWSCognitoIdentityProvider.framework */ = {isa = PBXFileReference; lastKnownFileType = wrapper.framework; name = AWSCognitoIdentityProvider.framework; path = Carthage/Build/iOS/AWSCognitoIdentityProvider.framework; sourceTree = "<group>"; };
		1701D48E210143D900A24025 /* AWSCognitoIdentityProviderASF.framework */ = {isa = PBXFileReference; lastKnownFileType = wrapper.framework; name = AWSCognitoIdentityProviderASF.framework; path = Carthage/Build/iOS/AWSCognitoIdentityProviderASF.framework; sourceTree = "<group>"; };
		1701D48F210143D900A24025 /* AWSMobileAnalytics.framework */ = {isa = PBXFileReference; lastKnownFileType = wrapper.framework; name = AWSMobileAnalytics.framework; path = Carthage/Build/iOS/AWSMobileAnalytics.framework; sourceTree = "<group>"; };
		1701D490210143D900A24025 /* AWSCognitoAuth.framework */ = {isa = PBXFileReference; lastKnownFileType = wrapper.framework; name = AWSCognitoAuth.framework; path = Carthage/Build/iOS/AWSCognitoAuth.framework; sourceTree = "<group>"; };
		1701D491210143D900A24025 /* AWSAutoScaling.framework */ = {isa = PBXFileReference; lastKnownFileType = wrapper.framework; name = AWSAutoScaling.framework; path = Carthage/Build/iOS/AWSAutoScaling.framework; sourceTree = "<group>"; };
		1701D492210143D900A24025 /* AWSKinesis.framework */ = {isa = PBXFileReference; lastKnownFileType = wrapper.framework; name = AWSKinesis.framework; path = Carthage/Build/iOS/AWSKinesis.framework; sourceTree = "<group>"; };
		1701D493210143D900A24025 /* AWSKinesisVideo.framework */ = {isa = PBXFileReference; lastKnownFileType = wrapper.framework; name = AWSKinesisVideo.framework; path = Carthage/Build/iOS/AWSKinesisVideo.framework; sourceTree = "<group>"; };
		1701D494210143D900A24025 /* AWSLogs.framework */ = {isa = PBXFileReference; lastKnownFileType = wrapper.framework; name = AWSLogs.framework; path = Carthage/Build/iOS/AWSLogs.framework; sourceTree = "<group>"; };
		1701D495210143DA00A24025 /* AWSMobileClient.framework */ = {isa = PBXFileReference; lastKnownFileType = wrapper.framework; name = AWSMobileClient.framework; path = Carthage/Build/iOS/AWSMobileClient.framework; sourceTree = "<group>"; };
		1701D496210143DA00A24025 /* AWSAuthCore.framework */ = {isa = PBXFileReference; lastKnownFileType = wrapper.framework; name = AWSAuthCore.framework; path = Carthage/Build/iOS/AWSAuthCore.framework; sourceTree = "<group>"; };
		1701D497210143DA00A24025 /* AWSPolly.framework */ = {isa = PBXFileReference; lastKnownFileType = wrapper.framework; name = AWSPolly.framework; path = Carthage/Build/iOS/AWSPolly.framework; sourceTree = "<group>"; };
		1701D498210143DA00A24025 /* AWSS3.framework */ = {isa = PBXFileReference; lastKnownFileType = wrapper.framework; name = AWSS3.framework; path = Carthage/Build/iOS/AWSS3.framework; sourceTree = "<group>"; };
		1701D499210143DA00A24025 /* AWSKinesisVideoArchivedMedia.framework */ = {isa = PBXFileReference; lastKnownFileType = wrapper.framework; name = AWSKinesisVideoArchivedMedia.framework; path = Carthage/Build/iOS/AWSKinesisVideoArchivedMedia.framework; sourceTree = "<group>"; };
		1701D49A210143DA00A24025 /* AWSRekognition.framework */ = {isa = PBXFileReference; lastKnownFileType = wrapper.framework; name = AWSRekognition.framework; path = Carthage/Build/iOS/AWSRekognition.framework; sourceTree = "<group>"; };
		1701D49B210143DB00A24025 /* AWSKMS.framework */ = {isa = PBXFileReference; lastKnownFileType = wrapper.framework; name = AWSKMS.framework; path = Carthage/Build/iOS/AWSKMS.framework; sourceTree = "<group>"; };
		1701D49C210143DB00A24025 /* AWSComprehend.framework */ = {isa = PBXFileReference; lastKnownFileType = wrapper.framework; name = AWSComprehend.framework; path = Carthage/Build/iOS/AWSComprehend.framework; sourceTree = "<group>"; };
		1701D49D210143DB00A24025 /* AWSDynamoDB.framework */ = {isa = PBXFileReference; lastKnownFileType = wrapper.framework; name = AWSDynamoDB.framework; path = Carthage/Build/iOS/AWSDynamoDB.framework; sourceTree = "<group>"; };
		1714D4062115B822006E2D8C /* AddLocationViewController.swift */ = {isa = PBXFileReference; lastKnownFileType = sourcecode.swift; path = AddLocationViewController.swift; sourceTree = "<group>"; };
		1714D4072115B822006E2D8C /* AddLocationViewModel.swift */ = {isa = PBXFileReference; lastKnownFileType = sourcecode.swift; path = AddLocationViewModel.swift; sourceTree = "<group>"; };
		1714D40A2115B9C6006E2D8C /* Location.swift */ = {isa = PBXFileReference; lastKnownFileType = sourcecode.swift; path = Location.swift; sourceTree = "<group>"; };
		1714D40E2115BDD7006E2D8C /* LocationsViewController.swift */ = {isa = PBXFileReference; lastKnownFileType = sourcecode.swift; path = LocationsViewController.swift; sourceTree = "<group>"; };
		1714D40F2115BDD7006E2D8C /* LocationsViewModel.swift */ = {isa = PBXFileReference; lastKnownFileType = sourcecode.swift; path = LocationsViewModel.swift; sourceTree = "<group>"; };
		1714D4122115D509006E2D8C /* LocationMarker.swift */ = {isa = PBXFileReference; lastKnownFileType = sourcecode.swift; path = LocationMarker.swift; sourceTree = "<group>"; };
		1714D41421170541006E2D8C /* LocationsService.swift */ = {isa = PBXFileReference; lastKnownFileType = sourcecode.swift; path = LocationsService.swift; sourceTree = "<group>"; };
		1714D416211723E0006E2D8C /* FindLocationViewController.swift */ = {isa = PBXFileReference; lastKnownFileType = sourcecode.swift; path = FindLocationViewController.swift; sourceTree = "<group>"; };
		1714D417211723E0006E2D8C /* FindLocationViewModel.swift */ = {isa = PBXFileReference; lastKnownFileType = sourcecode.swift; path = FindLocationViewModel.swift; sourceTree = "<group>"; };
		171722EE213F47B40024AA6B /* LocationManager.swift */ = {isa = PBXFileReference; lastKnownFileType = sourcecode.swift; path = LocationManager.swift; sourceTree = "<group>"; };
		171722F0213F52910024AA6B /* GeofenceService.swift */ = {isa = PBXFileReference; lastKnownFileType = sourcecode.swift; path = GeofenceService.swift; sourceTree = "<group>"; };
		171BF57020F96B5600E4378E /* Alamofire.framework */ = {isa = PBXFileReference; lastKnownFileType = wrapper.framework; name = Alamofire.framework; path = Carthage/Build/iOS/Alamofire.framework; sourceTree = "<group>"; };
		171BF57220F96C0300E4378E /* Result.framework */ = {isa = PBXFileReference; lastKnownFileType = wrapper.framework; name = Result.framework; path = Carthage/Build/iOS/Result.framework; sourceTree = "<group>"; };
		173415BB20F937E600080C48 /* ShoppingListViewController.swift */ = {isa = PBXFileReference; lastKnownFileType = sourcecode.swift; path = ShoppingListViewController.swift; sourceTree = "<group>"; };
		173415BF20F94C2B00080C48 /* Moya.framework */ = {isa = PBXFileReference; lastKnownFileType = wrapper.framework; name = Moya.framework; path = Carthage/Build/iOS/Moya.framework; sourceTree = "<group>"; };
		17417F8F210D2D3F00AF3539 /* GoogleConfiguration.swift */ = {isa = PBXFileReference; lastKnownFileType = sourcecode.swift; path = GoogleConfiguration.swift; sourceTree = "<group>"; };
		17417F92210D2F2000AF3539 /* GoogleMapsService.swift */ = {isa = PBXFileReference; lastKnownFileType = sourcecode.swift; path = GoogleMapsService.swift; sourceTree = "<group>"; };
		17417F94210D31B500AF3539 /* MapViewController.swift */ = {isa = PBXFileReference; lastKnownFileType = sourcecode.swift; path = MapViewController.swift; sourceTree = "<group>"; };
		17417F96210D3EFD00AF3539 /* MapViewModel.swift */ = {isa = PBXFileReference; lastKnownFileType = sourcecode.swift; path = MapViewModel.swift; sourceTree = "<group>"; };
		17417F98210DDEC300AF3539 /* PlaceMarker.swift */ = {isa = PBXFileReference; lastKnownFileType = sourcecode.swift; path = PlaceMarker.swift; sourceTree = "<group>"; };
		17417F9D210DE51900AF3539 /* GooglePlace.swift */ = {isa = PBXFileReference; lastKnownFileType = sourcecode.swift; path = GooglePlace.swift; sourceTree = "<group>"; };
		17417FA0210DF48E00AF3539 /* GooglePlacesService.swift */ = {isa = PBXFileReference; lastKnownFileType = sourcecode.swift; path = GooglePlacesService.swift; sourceTree = "<group>"; };
		17417FA2210DF50700AF3539 /* String+Network.swift */ = {isa = PBXFileReference; lastKnownFileType = sourcecode.swift; path = "String+Network.swift"; sourceTree = "<group>"; };
		17417FA4210DFCBD00AF3539 /* ResponseError.swift */ = {isa = PBXFileReference; lastKnownFileType = sourcecode.swift; path = ResponseError.swift; sourceTree = "<group>"; };
		17417FA6210E01BF00AF3539 /* GooglePlacesResponse.swift */ = {isa = PBXFileReference; lastKnownFileType = sourcecode.swift; path = GooglePlacesResponse.swift; sourceTree = "<group>"; };
		17417FA9210E08C800AF3539 /* MarkerInfoView.swift */ = {isa = PBXFileReference; lastKnownFileType = sourcecode.swift; path = MarkerInfoView.swift; sourceTree = "<group>"; };
		17417FAB210E08E300AF3539 /* MarkerInfoView.xib */ = {isa = PBXFileReference; lastKnownFileType = file.xib; path = MarkerInfoView.xib; sourceTree = "<group>"; };
		17417FAD210E0DA400AF3539 /* UIView+Extension.swift */ = {isa = PBXFileReference; lastKnownFileType = sourcecode.swift; path = "UIView+Extension.swift"; sourceTree = "<group>"; };
		1774B9F6214325E400D1BF9A /* NotificationsManager.swift */ = {isa = PBXFileReference; lastKnownFileType = sourcecode.swift; path = NotificationsManager.swift; sourceTree = "<group>"; };
		1774B9F92143373600D1BF9A /* Waitrose.gpx */ = {isa = PBXFileReference; lastKnownFileType = text.xml; name = Waitrose.gpx; path = "Shopping AssistantUITests/Waitrose.gpx"; sourceTree = SOURCE_ROOT; };
		1774B9FA21433DB600D1BF9A /* Sainsburys.gpx */ = {isa = PBXFileReference; lastKnownFileType = text.xml; name = Sainsburys.gpx; path = "Shopping AssistantUITests/Sainsburys.gpx"; sourceTree = SOURCE_ROOT; };
		1774B9FB21433E1200D1BF9A /* Supermarket.gpx */ = {isa = PBXFileReference; lastKnownFileType = text.xml; name = Supermarket.gpx; path = "Shopping AssistantUITests/Supermarket.gpx"; sourceTree = SOURCE_ROOT; };
		1774B9FC21433EFA00D1BF9A /* Sainsburys Local.gpx */ = {isa = PBXFileReference; lastKnownFileType = text.xml; name = "Sainsburys Local.gpx"; path = "Shopping AssistantUITests/Sainsburys Local.gpx"; sourceTree = SOURCE_ROOT; };
		1774B9FD2143BDB500D1BF9A /* String+Extension.swift */ = {isa = PBXFileReference; lastKnownFileType = sourcecode.swift; path = "String+Extension.swift"; sourceTree = "<group>"; };
		1786727121064684003B906D /* ShoppingListViewModel.swift */ = {isa = PBXFileReference; lastKnownFileType = sourcecode.swift; path = ShoppingListViewModel.swift; sourceTree = "<group>"; };
		17867274210657FA003B906D /* ShoppingListItem.swift */ = {isa = PBXFileReference; lastKnownFileType = sourcecode.swift; path = ShoppingListItem.swift; sourceTree = "<group>"; };
		179A7F6A2117C7DB00C764E6 /* ShoppingListService.swift */ = {isa = PBXFileReference; lastKnownFileType = sourcecode.swift; path = ShoppingListService.swift; sourceTree = "<group>"; };
		179FCAB22118C2E300C20258 /* AddShoppingListItemViewController.swift */ = {isa = PBXFileReference; lastKnownFileType = sourcecode.swift; path = AddShoppingListItemViewController.swift; sourceTree = "<group>"; };
		179FCAB32118C2E300C20258 /* AddShoppingListItemViewModel.swift */ = {isa = PBXFileReference; lastKnownFileType = sourcecode.swift; path = AddShoppingListItemViewModel.swift; sourceTree = "<group>"; };
		17B3E03920F920CF002F670D /* Shopping Assistant.app */ = {isa = PBXFileReference; explicitFileType = wrapper.application; includeInIndex = 0; path = "Shopping Assistant.app"; sourceTree = BUILT_PRODUCTS_DIR; };
		17B3E03C20F920CF002F670D /* AppDelegate.swift */ = {isa = PBXFileReference; lastKnownFileType = sourcecode.swift; path = AppDelegate.swift; sourceTree = "<group>"; };
		17B3E03E20F920CF002F670D /* HomeViewController.swift */ = {isa = PBXFileReference; lastKnownFileType = sourcecode.swift; path = HomeViewController.swift; sourceTree = "<group>"; };
		17B3E04120F920CF002F670D /* Base */ = {isa = PBXFileReference; lastKnownFileType = file.storyboard; name = Base; path = Base.lproj/Main.storyboard; sourceTree = "<group>"; };
		17B3E04320F920D1002F670D /* Assets.xcassets */ = {isa = PBXFileReference; lastKnownFileType = folder.assetcatalog; path = Assets.xcassets; sourceTree = "<group>"; };
		17B3E04620F920D1002F670D /* Base */ = {isa = PBXFileReference; lastKnownFileType = file.storyboard; name = Base; path = Base.lproj/LaunchScreen.storyboard; sourceTree = "<group>"; };
		17B3E04820F920D1002F670D /* Info.plist */ = {isa = PBXFileReference; lastKnownFileType = text.plist.xml; path = Info.plist; sourceTree = "<group>"; };
		17B3E04D20F920D1002F670D /* Shopping AssistantTests.xctest */ = {isa = PBXFileReference; explicitFileType = wrapper.cfbundle; includeInIndex = 0; path = "Shopping AssistantTests.xctest"; sourceTree = BUILT_PRODUCTS_DIR; };
		17B3E05120F920D1002F670D /* Shopping_AssistantTests.swift */ = {isa = PBXFileReference; lastKnownFileType = sourcecode.swift; path = Shopping_AssistantTests.swift; sourceTree = "<group>"; };
		17B3E05320F920D1002F670D /* Info.plist */ = {isa = PBXFileReference; lastKnownFileType = text.plist.xml; path = Info.plist; sourceTree = "<group>"; };
		17B3E05820F920D1002F670D /* Shopping AssistantUITests.xctest */ = {isa = PBXFileReference; explicitFileType = wrapper.cfbundle; includeInIndex = 0; path = "Shopping AssistantUITests.xctest"; sourceTree = BUILT_PRODUCTS_DIR; };
		17B3E05C20F920D1002F670D /* Shopping_AssistantUITests.swift */ = {isa = PBXFileReference; lastKnownFileType = sourcecode.swift; path = Shopping_AssistantUITests.swift; sourceTree = "<group>"; };
		17B3E05E20F920D1002F670D /* Info.plist */ = {isa = PBXFileReference; lastKnownFileType = text.plist.xml; path = Info.plist; sourceTree = "<group>"; };
		17B3E06A20F924DA002F670D /* Cartfile */ = {isa = PBXFileReference; fileEncoding = 4; lastKnownFileType = text; name = Cartfile; path = ../Cartfile; sourceTree = "<group>"; };
		17B3E06D20F9282F002F670D /* Promises.framework */ = {isa = PBXFileReference; lastKnownFileType = wrapper.framework; name = Promises.framework; path = Carthage/Build/iOS/Promises.framework; sourceTree = "<group>"; };
		17B3E07020F92A5F002F670D /* FBLPromises.framework */ = {isa = PBXFileReference; lastKnownFileType = wrapper.framework; name = FBLPromises.framework; path = Carthage/Build/iOS/FBLPromises.framework; sourceTree = "<group>"; };
		17D6E712210149BC0000AFCE /* AmazonClientManager.swift */ = {isa = PBXFileReference; lastKnownFileType = sourcecode.swift; path = AmazonClientManager.swift; sourceTree = "<group>"; };
		17D6E71521014F770000AFCE /* Debug.xcconfig */ = {isa = PBXFileReference; lastKnownFileType = text.xcconfig; path = Debug.xcconfig; sourceTree = "<group>"; };
		17D6E71621014FC60000AFCE /* Release.xcconfig */ = {isa = PBXFileReference; lastKnownFileType = text.xcconfig; path = Release.xcconfig; sourceTree = "<group>"; };
		17D6E717210154830000AFCE /* AWSConfiguration.swift */ = {isa = PBXFileReference; lastKnownFileType = sourcecode.swift; path = AWSConfiguration.swift; sourceTree = "<group>"; };
		17D6E719210166C80000AFCE /* LoginWithAmazon.framework */ = {isa = PBXFileReference; lastKnownFileType = wrapper.framework; name = LoginWithAmazon.framework; path = Frameworks/LoginWithAmazon.framework; sourceTree = "<group>"; };
		17D6E71B210167650000AFCE /* Security.framework */ = {isa = PBXFileReference; lastKnownFileType = wrapper.framework; name = Security.framework; path = System/Library/Frameworks/Security.framework; sourceTree = SDKROOT; };
		17D6E71D210167960000AFCE /* SafariServices.framework */ = {isa = PBXFileReference; lastKnownFileType = wrapper.framework; name = SafariServices.framework; path = System/Library/Frameworks/SafariServices.framework; sourceTree = SDKROOT; };
		17D6E71F2101684D0000AFCE /* BridgingHeader.h */ = {isa = PBXFileReference; lastKnownFileType = sourcecode.c.h; path = BridgingHeader.h; sourceTree = "<group>"; };
		17E7DBA4210D210F00E79942 /* GoogleMapsCore.framework */ = {isa = PBXFileReference; lastKnownFileType = wrapper.framework; name = GoogleMapsCore.framework; path = Carthage/Build/iOS/GoogleMapsCore.framework; sourceTree = "<group>"; };
		17E7DBA5210D210F00E79942 /* GoogleMaps.framework */ = {isa = PBXFileReference; lastKnownFileType = wrapper.framework; name = GoogleMaps.framework; path = Carthage/Build/iOS/GoogleMaps.framework; sourceTree = "<group>"; };
		17E7DBA6210D210F00E79942 /* GoogleMapsBase.framework */ = {isa = PBXFileReference; lastKnownFileType = wrapper.framework; name = GoogleMapsBase.framework; path = Carthage/Build/iOS/GoogleMapsBase.framework; sourceTree = "<group>"; };
		17E7DBAA210D242300E79942 /* Accelerate.framework */ = {isa = PBXFileReference; lastKnownFileType = wrapper.framework; name = Accelerate.framework; path = System/Library/Frameworks/Accelerate.framework; sourceTree = SDKROOT; };
		17E7DBAC210D243B00E79942 /* CoreGraphics.framework */ = {isa = PBXFileReference; lastKnownFileType = wrapper.framework; name = CoreGraphics.framework; path = System/Library/Frameworks/CoreGraphics.framework; sourceTree = SDKROOT; };
		17E7DBAE210D244F00E79942 /* CoreImage.framework */ = {isa = PBXFileReference; lastKnownFileType = wrapper.framework; name = CoreImage.framework; path = System/Library/Frameworks/CoreImage.framework; sourceTree = SDKROOT; };
		17E7DBB0210D245800E79942 /* CoreLocation.framework */ = {isa = PBXFileReference; lastKnownFileType = wrapper.framework; name = CoreLocation.framework; path = System/Library/Frameworks/CoreLocation.framework; sourceTree = SDKROOT; };
		17E7DBB2210D246500E79942 /* GLKit.framework */ = {isa = PBXFileReference; lastKnownFileType = wrapper.framework; name = GLKit.framework; path = System/Library/Frameworks/GLKit.framework; sourceTree = SDKROOT; };
		17E7DBB4210D246D00E79942 /* ImageIO.framework */ = {isa = PBXFileReference; lastKnownFileType = wrapper.framework; name = ImageIO.framework; path = System/Library/Frameworks/ImageIO.framework; sourceTree = SDKROOT; };
		17E7DBB6210D248800E79942 /* libc++.tbd */ = {isa = PBXFileReference; lastKnownFileType = "sourcecode.text-based-dylib-definition"; name = "libc++.tbd"; path = "usr/lib/libc++.tbd"; sourceTree = SDKROOT; };
		17E7DBB8210D249300E79942 /* libz.tbd */ = {isa = PBXFileReference; lastKnownFileType = "sourcecode.text-based-dylib-definition"; name = libz.tbd; path = usr/lib/libz.tbd; sourceTree = SDKROOT; };
		17E7DBBA210D249E00E79942 /* OpenGLES.framework */ = {isa = PBXFileReference; lastKnownFileType = wrapper.framework; name = OpenGLES.framework; path = System/Library/Frameworks/OpenGLES.framework; sourceTree = SDKROOT; };
		17E7DBBC210D24A800E79942 /* QuartzCore.framework */ = {isa = PBXFileReference; lastKnownFileType = wrapper.framework; name = QuartzCore.framework; path = System/Library/Frameworks/QuartzCore.framework; sourceTree = SDKROOT; };
		17E7DBBE210D24B000E79942 /* SystemConfiguration.framework */ = {isa = PBXFileReference; lastKnownFileType = wrapper.framework; name = SystemConfiguration.framework; path = System/Library/Frameworks/SystemConfiguration.framework; sourceTree = SDKROOT; };
		17E7DBC0210D24B500E79942 /* UIKit.framework */ = {isa = PBXFileReference; lastKnownFileType = wrapper.framework; name = UIKit.framework; path = System/Library/Frameworks/UIKit.framework; sourceTree = SDKROOT; };
		17E7DBC2210D24F900E79942 /* CoreText.framework */ = {isa = PBXFileReference; lastKnownFileType = wrapper.framework; name = CoreText.framework; path = System/Library/Frameworks/CoreText.framework; sourceTree = SDKROOT; };
		17E7DBC4210D257600E79942 /* CoreData.framework */ = {isa = PBXFileReference; lastKnownFileType = wrapper.framework; name = CoreData.framework; path = System/Library/Frameworks/CoreData.framework; sourceTree = SDKROOT; };
		17E7DBC6210D259600E79942 /* CoreTelephony.framework */ = {isa = PBXFileReference; lastKnownFileType = wrapper.framework; name = CoreTelephony.framework; path = System/Library/Frameworks/CoreTelephony.framework; sourceTree = SDKROOT; };
/* End PBXFileReference section */

/* Begin PBXFrameworksBuildPhase section */
		17B3E03620F920CF002F670D /* Frameworks */ = {
			isa = PBXFrameworksBuildPhase;
			buildActionMask = 2147483647;
			files = (
				17E7DBAB210D242300E79942 /* Accelerate.framework in Frameworks */,
				17E7DBC5210D257600E79942 /* CoreData.framework in Frameworks */,
				17E7DBAD210D243B00E79942 /* CoreGraphics.framework in Frameworks */,
				17E7DBAF210D244F00E79942 /* CoreImage.framework in Frameworks */,
				17E7DBB1210D245800E79942 /* CoreLocation.framework in Frameworks */,
				17E7DBC7210D259600E79942 /* CoreTelephony.framework in Frameworks */,
				17E7DBC3210D24F900E79942 /* CoreText.framework in Frameworks */,
				17E7DBB3210D246500E79942 /* GLKit.framework in Frameworks */,
				17E7DBB5210D246D00E79942 /* ImageIO.framework in Frameworks */,
				17E7DBBB210D249F00E79942 /* OpenGLES.framework in Frameworks */,
				17E7DBBD210D24A800E79942 /* QuartzCore.framework in Frameworks */,
				17E7DBBF210D24B000E79942 /* SystemConfiguration.framework in Frameworks */,
				17D6E71E210167960000AFCE /* SafariServices.framework in Frameworks */,
				17D6E71C210167650000AFCE /* Security.framework in Frameworks */,
				17E7DBC1210D24B600E79942 /* UIKit.framework in Frameworks */,
				17E7DBB7210D248800E79942 /* libc++.tbd in Frameworks */,
				17E7DBB9210D249300E79942 /* libz.tbd in Frameworks */,
				1701D4AC210143DB00A24025 /* AWSCloudWatch.framework in Frameworks */,
				1701D4C0210143DB00A24025 /* AWSCore.framework in Frameworks */,
				1701D4BE210143DB00A24025 /* AWSLex.framework in Frameworks */,
				1701D4DC210143DB00A24025 /* AWSPolly.framework in Frameworks */,
				1701D4E0210143DB00A24025 /* AWSKinesisVideoArchivedMedia.framework in Frameworks */,
				1701D4C6210143DB00A24025 /* AWSSQS.framework in Frameworks */,
				1701D4D2210143DB00A24025 /* AWSKinesis.framework in Frameworks */,
				1701D4A6210143DB00A24025 /* AWSTranslate.framework in Frameworks */,
				1701D4BA210143DB00A24025 /* AWSCognito.framework in Frameworks */,
				1701D4AA210143DB00A24025 /* AWSSNS.framework in Frameworks */,
				1701D4DA210143DB00A24025 /* AWSAuthCore.framework in Frameworks */,
				1701D49E210143DB00A24025 /* AWSElasticLoadBalancing.framework in Frameworks */,
				1701D4D0210143DB00A24025 /* AWSAutoScaling.framework in Frameworks */,
				1701D4C2210143DB00A24025 /* AWSPinpoint.framework in Frameworks */,
				1701D4CE210143DB00A24025 /* AWSCognitoAuth.framework in Frameworks */,
				1701D4E2210143DB00A24025 /* AWSRekognition.framework in Frameworks */,
				1701D4B4210143DB00A24025 /* AWSLambda.framework in Frameworks */,
				1701D4B0210143DB00A24025 /* AWSGoogleSignIn.framework in Frameworks */,
				1701D4A0210143DB00A24025 /* AWSSES.framework in Frameworks */,
				1701D4CA210143DB00A24025 /* AWSCognitoIdentityProviderASF.framework in Frameworks */,
				1701D4BC210143DB00A24025 /* AWSTranscribe.framework in Frameworks */,
				1701D4CC210143DB00A24025 /* AWSMobileAnalytics.framework in Frameworks */,
				1701D4D6210143DB00A24025 /* AWSLogs.framework in Frameworks */,
				1701D4C4210143DB00A24025 /* AWSEC2.framework in Frameworks */,
				1701D4E6210143DB00A24025 /* AWSComprehend.framework in Frameworks */,
				1701D4AE210143DB00A24025 /* AWSMachineLearning.framework in Frameworks */,
				1701D4DE210143DB00A24025 /* AWSS3.framework in Frameworks */,
				1701D4B6210143DB00A24025 /* AWSAPIGateway.framework in Frameworks */,
				1701D4D8210143DB00A24025 /* AWSMobileClient.framework in Frameworks */,
				1701D4B8210143DB00A24025 /* AWSAuthUI.framework in Frameworks */,
				1701D4D4210143DB00A24025 /* AWSKinesisVideo.framework in Frameworks */,
				1701D4E4210143DB00A24025 /* AWSKMS.framework in Frameworks */,
				1701D4E8210143DC00A24025 /* AWSDynamoDB.framework in Frameworks */,
				1701D4C8210143DB00A24025 /* AWSCognitoIdentityProvider.framework in Frameworks */,
				1701D4A2210143DB00A24025 /* AWSSimpleDB.framework in Frameworks */,
				1701D4A4210143DB00A24025 /* AWSIoT.framework in Frameworks */,
				1701D4A8210143DB00A24025 /* AWSUserPoolsSignIn.framework in Frameworks */,
				1701D4B2210143DB00A24025 /* AWSFacebookSignIn.framework in Frameworks */,
				17D6E71A210166C80000AFCE /* LoginWithAmazon.framework in Frameworks */,
				17E7DBA9210D210F00E79942 /* GoogleMapsBase.framework in Frameworks */,
				17E7DBA7210D210F00E79942 /* GoogleMapsCore.framework in Frameworks */,
				17E7DBA8210D210F00E79942 /* GoogleMaps.framework in Frameworks */,
				17B3E07120F92A5F002F670D /* FBLPromises.framework in Frameworks */,
				17B3E06E20F9282F002F670D /* Promises.framework in Frameworks */,
				171BF57120F96B5700E4378E /* Alamofire.framework in Frameworks */,
				171BF57320F96C0300E4378E /* Result.framework in Frameworks */,
				173415C020F94C2B00080C48 /* Moya.framework in Frameworks */,
			);
			runOnlyForDeploymentPostprocessing = 0;
		};
		17B3E04A20F920D1002F670D /* Frameworks */ = {
			isa = PBXFrameworksBuildPhase;
			buildActionMask = 2147483647;
			files = (
			);
			runOnlyForDeploymentPostprocessing = 0;
		};
		17B3E05520F920D1002F670D /* Frameworks */ = {
			isa = PBXFrameworksBuildPhase;
			buildActionMask = 2147483647;
			files = (
			);
			runOnlyForDeploymentPostprocessing = 0;
		};
/* End PBXFrameworksBuildPhase section */

/* Begin PBXGroup section */
		171722ED213F47620024AA6B /* Extensions */ = {
			isa = PBXGroup;
			children = (
				1774B9FD2143BDB500D1BF9A /* String+Extension.swift */,
			);
			path = Extensions;
			sourceTree = "<group>";
		};
		173415B720F9350F00080C48 /* Controllers */ = {
			isa = PBXGroup;
			children = (
				17B3E03E20F920CF002F670D /* HomeViewController.swift */,
				17417F94210D31B500AF3539 /* MapViewController.swift */,
				1714D40E2115BDD7006E2D8C /* LocationsViewController.swift */,
				1714D4062115B822006E2D8C /* AddLocationViewController.swift */,
				1714D416211723E0006E2D8C /* FindLocationViewController.swift */,
				173415BB20F937E600080C48 /* ShoppingListViewController.swift */,
				179FCAB22118C2E300C20258 /* AddShoppingListItemViewController.swift */,
			);
			path = Controllers;
			sourceTree = "<group>";
		};
		173415B820F9352400080C48 /* Resources */ = {
			isa = PBXGroup;
			children = (
				17B3E04320F920D1002F670D /* Assets.xcassets */,
			);
			path = Resources;
			sourceTree = "<group>";
		};
		173415B920F9354200080C48 /* Storyboards */ = {
			isa = PBXGroup;
			children = (
				17B3E04020F920CF002F670D /* Main.storyboard */,
				17B3E04520F920D1002F670D /* LaunchScreen.storyboard */,
			);
			path = Storyboards;
			sourceTree = "<group>";
		};
		173415BA20F935D400080C48 /* ViewModels */ = {
			isa = PBXGroup;
			children = (
				17417F96210D3EFD00AF3539 /* MapViewModel.swift */,
				1714D40F2115BDD7006E2D8C /* LocationsViewModel.swift */,
				1714D4072115B822006E2D8C /* AddLocationViewModel.swift */,
				1714D417211723E0006E2D8C /* FindLocationViewModel.swift */,
				1786727121064684003B906D /* ShoppingListViewModel.swift */,
				179FCAB32118C2E300C20258 /* AddShoppingListItemViewModel.swift */,
			);
			path = ViewModels;
			sourceTree = "<group>";
		};
		17417F91210D2EF400AF3539 /* Services */ = {
			isa = PBXGroup;
			children = (
				17D6E712210149BC0000AFCE /* AmazonClientManager.swift */,
				17417F92210D2F2000AF3539 /* GoogleMapsService.swift */,
				171722F0213F52910024AA6B /* GeofenceService.swift */,
				171722EE213F47B40024AA6B /* LocationManager.swift */,
				1714D41421170541006E2D8C /* LocationsService.swift */,
				1774B9F6214325E400D1BF9A /* NotificationsManager.swift */,
				179A7F6A2117C7DB00C764E6 /* ShoppingListService.swift */,
			);
			path = Services;
			sourceTree = "<group>";
		};
		17417F9C210DE4B000AF3539 /* Supporting Files */ = {
			isa = PBXGroup;
			children = (
				17B3E06A20F924DA002F670D /* Cartfile */,
				17B3E04820F920D1002F670D /* Info.plist */,
				1774B9FA21433DB600D1BF9A /* Sainsburys.gpx */,
				1774B9FC21433EFA00D1BF9A /* Sainsburys Local.gpx */,
				1774B9FB21433E1200D1BF9A /* Supermarket.gpx */,
				1774B9F92143373600D1BF9A /* Waitrose.gpx */,
			);
			name = "Supporting Files";
			sourceTree = "<group>";
		};
		17417F9F210DF47200AF3539 /* Network */ = {
			isa = PBXGroup;
			children = (
				17417FA0210DF48E00AF3539 /* GooglePlacesService.swift */,
				17417FA2210DF50700AF3539 /* String+Network.swift */,
				17417FA4210DFCBD00AF3539 /* ResponseError.swift */,
			);
			path = Network;
			sourceTree = "<group>";
		};
		17417FA8210E082900AF3539 /* Views */ = {
			isa = PBXGroup;
			children = (
				17417FA9210E08C800AF3539 /* MarkerInfoView.swift */,
				17417FAB210E08E300AF3539 /* MarkerInfoView.xib */,
				17417FAD210E0DA400AF3539 /* UIView+Extension.swift */,
			);
			path = Views;
			sourceTree = "<group>";
		};
		17867273210657A8003B906D /* Models */ = {
			isa = PBXGroup;
			children = (
				17417F9D210DE51900AF3539 /* GooglePlace.swift */,
				17417FA6210E01BF00AF3539 /* GooglePlacesResponse.swift */,
				17417F98210DDEC300AF3539 /* PlaceMarker.swift */,
				1714D40A2115B9C6006E2D8C /* Location.swift */,
				1714D4122115D509006E2D8C /* LocationMarker.swift */,
				17867274210657FA003B906D /* ShoppingListItem.swift */,
			);
			path = Models;
			sourceTree = "<group>";
		};
		17B3E03020F920CF002F670D = {
			isa = PBXGroup;
			children = (
				17B3E03B20F920CF002F670D /* Shopping Assistant */,
				17B3E05020F920D1002F670D /* Shopping AssistantTests */,
				17B3E05B20F920D1002F670D /* Shopping AssistantUITests */,
				17B3E06C20F9282F002F670D /* Frameworks */,
				17B3E03A20F920CF002F670D /* Products */,
			);
			sourceTree = "<group>";
		};
		17B3E03A20F920CF002F670D /* Products */ = {
			isa = PBXGroup;
			children = (
				17B3E03920F920CF002F670D /* Shopping Assistant.app */,
				17B3E04D20F920D1002F670D /* Shopping AssistantTests.xctest */,
				17B3E05820F920D1002F670D /* Shopping AssistantUITests.xctest */,
			);
			name = Products;
			sourceTree = "<group>";
		};
		17B3E03B20F920CF002F670D /* Shopping Assistant */ = {
			isa = PBXGroup;
			children = (
				17B3E03C20F920CF002F670D /* AppDelegate.swift */,
				17D6E71F2101684D0000AFCE /* BridgingHeader.h */,
				17D6E71421014F340000AFCE /* Configuration */,
				173415B720F9350F00080C48 /* Controllers */,
				173415BA20F935D400080C48 /* ViewModels */,
				17417FA8210E082900AF3539 /* Views */,
				17867273210657A8003B906D /* Models */,
				17417F91210D2EF400AF3539 /* Services */,
				17417F9F210DF47200AF3539 /* Network */,
				171722ED213F47620024AA6B /* Extensions */,
				173415B920F9354200080C48 /* Storyboards */,
				17417F9C210DE4B000AF3539 /* Supporting Files */,
				173415B820F9352400080C48 /* Resources */,
			);
			path = "Shopping Assistant";
			sourceTree = "<group>";
		};
		17B3E05020F920D1002F670D /* Shopping AssistantTests */ = {
			isa = PBXGroup;
			children = (
				17B3E05120F920D1002F670D /* Shopping_AssistantTests.swift */,
				17B3E05320F920D1002F670D /* Info.plist */,
			);
			path = "Shopping AssistantTests";
			sourceTree = "<group>";
		};
		17B3E05B20F920D1002F670D /* Shopping AssistantUITests */ = {
			isa = PBXGroup;
			children = (
				17B3E05C20F920D1002F670D /* Shopping_AssistantUITests.swift */,
				17B3E05E20F920D1002F670D /* Info.plist */,
			);
			path = "Shopping AssistantUITests";
			sourceTree = "<group>";
		};
		17B3E06C20F9282F002F670D /* Frameworks */ = {
			isa = PBXGroup;
			children = (
				17E7DBAA210D242300E79942 /* Accelerate.framework */,
				17E7DBC4210D257600E79942 /* CoreData.framework */,
				17E7DBAC210D243B00E79942 /* CoreGraphics.framework */,
				17E7DBAE210D244F00E79942 /* CoreImage.framework */,
				17E7DBB0210D245800E79942 /* CoreLocation.framework */,
				17E7DBC6210D259600E79942 /* CoreTelephony.framework */,
				17E7DBC2210D24F900E79942 /* CoreText.framework */,
				17E7DBB2210D246500E79942 /* GLKit.framework */,
				17E7DBB4210D246D00E79942 /* ImageIO.framework */,
				17E7DBBA210D249E00E79942 /* OpenGLES.framework */,
				17E7DBBC210D24A800E79942 /* QuartzCore.framework */,
				17E7DBBE210D24B000E79942 /* SystemConfiguration.framework */,
				17D6E71D210167960000AFCE /* SafariServices.framework */,
				17D6E71B210167650000AFCE /* Security.framework */,
				17E7DBC0210D24B500E79942 /* UIKit.framework */,
				17E7DBB6210D248800E79942 /* libc++.tbd */,
				17E7DBB8210D249300E79942 /* libz.tbd */,
				17D6E719210166C80000AFCE /* LoginWithAmazon.framework */,
				1701D484210143D700A24025 /* AWSAPIGateway.framework */,
				1701D496210143DA00A24025 /* AWSAuthCore.framework */,
				1701D485210143D800A24025 /* AWSAuthUI.framework */,
				1701D491210143D900A24025 /* AWSAutoScaling.framework */,
				1701D47F210143D700A24025 /* AWSCloudWatch.framework */,
				1701D486210143D800A24025 /* AWSCognito.framework */,
				1701D490210143D900A24025 /* AWSCognitoAuth.framework */,
				1701D48D210143D900A24025 /* AWSCognitoIdentityProvider.framework */,
				1701D48E210143D900A24025 /* AWSCognitoIdentityProviderASF.framework */,
				1701D49C210143DB00A24025 /* AWSComprehend.framework */,
				1701D489210143D800A24025 /* AWSCore.framework */,
				1701D49D210143DB00A24025 /* AWSDynamoDB.framework */,
				1701D48B210143D800A24025 /* AWSEC2.framework */,
				1701D478210143D600A24025 /* AWSElasticLoadBalancing.framework */,
				1701D482210143D700A24025 /* AWSFacebookSignIn.framework */,
				1701D481210143D700A24025 /* AWSGoogleSignIn.framework */,
				1701D47B210143D700A24025 /* AWSIoT.framework */,
				1701D492210143D900A24025 /* AWSKinesis.framework */,
				1701D493210143D900A24025 /* AWSKinesisVideo.framework */,
				1701D499210143DA00A24025 /* AWSKinesisVideoArchivedMedia.framework */,
				1701D49B210143DB00A24025 /* AWSKMS.framework */,
				1701D483210143D700A24025 /* AWSLambda.framework */,
				1701D488210143D800A24025 /* AWSLex.framework */,
				1701D494210143D900A24025 /* AWSLogs.framework */,
				1701D480210143D700A24025 /* AWSMachineLearning.framework */,
				1701D48F210143D900A24025 /* AWSMobileAnalytics.framework */,
				1701D495210143DA00A24025 /* AWSMobileClient.framework */,
				1701D48A210143D800A24025 /* AWSPinpoint.framework */,
				1701D497210143DA00A24025 /* AWSPolly.framework */,
				1701D49A210143DA00A24025 /* AWSRekognition.framework */,
				1701D498210143DA00A24025 /* AWSS3.framework */,
				1701D479210143D600A24025 /* AWSSES.framework */,
				1701D47A210143D600A24025 /* AWSSimpleDB.framework */,
				1701D47E210143D700A24025 /* AWSSNS.framework */,
				1701D48C210143D800A24025 /* AWSSQS.framework */,
				1701D487210143D800A24025 /* AWSTranscribe.framework */,
				1701D47C210143D700A24025 /* AWSTranslate.framework */,
				1701D47D210143D700A24025 /* AWSUserPoolsSignIn.framework */,
				17E7DBA6210D210F00E79942 /* GoogleMapsBase.framework */,
				17E7DBA4210D210F00E79942 /* GoogleMapsCore.framework */,
				17E7DBA5210D210F00E79942 /* GoogleMaps.framework */,
				17B3E07020F92A5F002F670D /* FBLPromises.framework */,
				17B3E06D20F9282F002F670D /* Promises.framework */,
				171BF57020F96B5600E4378E /* Alamofire.framework */,
				171BF57220F96C0300E4378E /* Result.framework */,
				173415BF20F94C2B00080C48 /* Moya.framework */,
			);
			name = Frameworks;
			sourceTree = "<group>";
		};
		17D6E71421014F340000AFCE /* Configuration */ = {
			isa = PBXGroup;
			children = (
				17D6E71521014F770000AFCE /* Debug.xcconfig */,
				17D6E71621014FC60000AFCE /* Release.xcconfig */,
				17D6E717210154830000AFCE /* AWSConfiguration.swift */,
				17417F8F210D2D3F00AF3539 /* GoogleConfiguration.swift */,
			);
			path = Configuration;
			sourceTree = "<group>";
		};
/* End PBXGroup section */

/* Begin PBXNativeTarget section */
		17B3E03820F920CF002F670D /* Shopping Assistant */ = {
			isa = PBXNativeTarget;
			buildConfigurationList = 17B3E06120F920D1002F670D /* Build configuration list for PBXNativeTarget "Shopping Assistant" */;
			buildPhases = (
				17B3E03520F920CF002F670D /* Sources */,
				17B3E03620F920CF002F670D /* Frameworks */,
				17B3E03720F920CF002F670D /* Resources */,
				17B3E06F20F92875002F670D /* Copy Carthage Frameworks */,
				1701D4EA210143DC00A24025 /* Embed Frameworks */,
				1701D4EB2101448700A24025 /* Remove Unused AWS Frameworks */,
				1714D41A21179FEA006E2D8C /* Check For Outdated Dependencies */,
			);
			buildRules = (
			);
			dependencies = (
			);
			name = "Shopping Assistant";
			productName = "Shopping Assistant";
			productReference = 17B3E03920F920CF002F670D /* Shopping Assistant.app */;
			productType = "com.apple.product-type.application";
		};
		17B3E04C20F920D1002F670D /* Shopping AssistantTests */ = {
			isa = PBXNativeTarget;
			buildConfigurationList = 17B3E06420F920D1002F670D /* Build configuration list for PBXNativeTarget "Shopping AssistantTests" */;
			buildPhases = (
				17B3E04920F920D1002F670D /* Sources */,
				17B3E04A20F920D1002F670D /* Frameworks */,
				17B3E04B20F920D1002F670D /* Resources */,
			);
			buildRules = (
			);
			dependencies = (
				17B3E04F20F920D1002F670D /* PBXTargetDependency */,
			);
			name = "Shopping AssistantTests";
			productName = "Shopping AssistantTests";
			productReference = 17B3E04D20F920D1002F670D /* Shopping AssistantTests.xctest */;
			productType = "com.apple.product-type.bundle.unit-test";
		};
		17B3E05720F920D1002F670D /* Shopping AssistantUITests */ = {
			isa = PBXNativeTarget;
			buildConfigurationList = 17B3E06720F920D1002F670D /* Build configuration list for PBXNativeTarget "Shopping AssistantUITests" */;
			buildPhases = (
				17B3E05420F920D1002F670D /* Sources */,
				17B3E05520F920D1002F670D /* Frameworks */,
				17B3E05620F920D1002F670D /* Resources */,
			);
			buildRules = (
			);
			dependencies = (
				17B3E05A20F920D1002F670D /* PBXTargetDependency */,
			);
			name = "Shopping AssistantUITests";
			productName = "Shopping AssistantUITests";
			productReference = 17B3E05820F920D1002F670D /* Shopping AssistantUITests.xctest */;
			productType = "com.apple.product-type.bundle.ui-testing";
		};
/* End PBXNativeTarget section */

/* Begin PBXProject section */
		17B3E03120F920CF002F670D /* Project object */ = {
			isa = PBXProject;
			attributes = {
				LastSwiftUpdateCheck = 0940;
				LastUpgradeCheck = 0940;
				ORGANIZATIONNAME = "Tom Bell";
				TargetAttributes = {
					17B3E03820F920CF002F670D = {
						CreatedOnToolsVersion = 9.4.1;
					};
					17B3E04C20F920D1002F670D = {
						CreatedOnToolsVersion = 9.4.1;
						TestTargetID = 17B3E03820F920CF002F670D;
					};
					17B3E05720F920D1002F670D = {
						CreatedOnToolsVersion = 9.4.1;
						TestTargetID = 17B3E03820F920CF002F670D;
					};
				};
			};
			buildConfigurationList = 17B3E03420F920CF002F670D /* Build configuration list for PBXProject "Shopping Assistant" */;
			compatibilityVersion = "Xcode 9.3";
			developmentRegion = en;
			hasScannedForEncodings = 0;
			knownRegions = (
				en,
				Base,
			);
			mainGroup = 17B3E03020F920CF002F670D;
			productRefGroup = 17B3E03A20F920CF002F670D /* Products */;
			projectDirPath = "";
			projectRoot = "";
			targets = (
				17B3E03820F920CF002F670D /* Shopping Assistant */,
				17B3E04C20F920D1002F670D /* Shopping AssistantTests */,
				17B3E05720F920D1002F670D /* Shopping AssistantUITests */,
			);
		};
/* End PBXProject section */

/* Begin PBXResourcesBuildPhase section */
		17B3E03720F920CF002F670D /* Resources */ = {
			isa = PBXResourcesBuildPhase;
			buildActionMask = 2147483647;
			files = (
				17B3E04720F920D1002F670D /* LaunchScreen.storyboard in Resources */,
				17B3E04420F920D1002F670D /* Assets.xcassets in Resources */,
				17417FAC210E08E300AF3539 /* MarkerInfoView.xib in Resources */,
				17B3E06B20F924DA002F670D /* Cartfile in Resources */,
				17B3E04220F920CF002F670D /* Main.storyboard in Resources */,
			);
			runOnlyForDeploymentPostprocessing = 0;
		};
		17B3E04B20F920D1002F670D /* Resources */ = {
			isa = PBXResourcesBuildPhase;
			buildActionMask = 2147483647;
			files = (
			);
			runOnlyForDeploymentPostprocessing = 0;
		};
		17B3E05620F920D1002F670D /* Resources */ = {
			isa = PBXResourcesBuildPhase;
			buildActionMask = 2147483647;
			files = (
			);
			runOnlyForDeploymentPostprocessing = 0;
		};
/* End PBXResourcesBuildPhase section */

/* Begin PBXShellScriptBuildPhase section */
		1701D4EB2101448700A24025 /* Remove Unused AWS Frameworks */ = {
			isa = PBXShellScriptBuildPhase;
			buildActionMask = 2147483647;
			files = (
			);
			inputPaths = (
			);
			name = "Remove Unused AWS Frameworks";
			outputPaths = (
			);
			runOnlyForDeploymentPostprocessing = 0;
			shellPath = /bin/sh;
			shellScript = "bash \"${BUILT_PRODUCTS_DIR}/${FRAMEWORKS_FOLDER_PATH}/AWSCore.framework/strip-frameworks.sh\"";
		};
		1714D41A21179FEA006E2D8C /* Check For Outdated Dependencies */ = {
			isa = PBXShellScriptBuildPhase;
			buildActionMask = 2147483647;
			files = (
			);
			inputPaths = (
			);
			name = "Check For Outdated Dependencies";
			outputPaths = (
			);
			runOnlyForDeploymentPostprocessing = 0;
			shellPath = /bin/sh;
			shellScript = "/usr/local/bin/carthage outdated --xcode-warnings";
		};
		17B3E06F20F92875002F670D /* Copy Carthage Frameworks */ = {
			isa = PBXShellScriptBuildPhase;
			buildActionMask = 2147483647;
			files = (
			);
			inputPaths = (
				"$(SRCROOT)/Carthage/Build/iOS/Promises.framework",
				"$(SRCROOT)/Carthage/Build/iOS/FBLPromises.framework",
				"$(SRCROOT)/Carthage/Build/iOS/GoogleMapsBase.framework",
				"$(SRCROOT)/Carthage/Build/iOS/GoogleMapsCore.framework",
				"$(SRCROOT)/Carthage/Build/iOS/GoogleMaps.framework",
				"$(SRCROOT)/Carthage/Build/iOS/Alamofire.framework",
				"$(SRCROOT)/Carthage/Build/iOS/Result.framework",
				"$(SRCROOT)/Carthage/Build/iOS/Moya.framework",
			);
			name = "Copy Carthage Frameworks";
			outputPaths = (
				"$(BUILT_PRODUCTS_DIR)/$(FRAMEWORKS_FOLDER_PATH)/Promises.framework",
				"$(BUILT_PRODUCTS_DIR)/$(FRAMEWORKS_FOLDER_PATH)/FBLPromises.framework",
				"$(BUILT_PRODUCTS_DIR)/$(FRAMEWORKS_FOLDER_PATH)/GoogleMapsBase.framework",
				"$(BUILT_PRODUCTS_DIR)/$(FRAMEWORKS_FOLDER_PATH)/GoogleMapsCore.framework",
				"$(BUILT_PRODUCTS_DIR)/$(FRAMEWORKS_FOLDER_PATH)/GoogleMaps.framework",
				"$(BUILT_PRODUCTS_DIR)/$(FRAMEWORKS_FOLDER_PATH)/Alamofire.framework",
				"$(BUILT_PRODUCTS_DIR)/$(FRAMEWORKS_FOLDER_PATH)/Result.framework",
				"$(BUILT_PRODUCTS_DIR)/$(FRAMEWORKS_FOLDER_PATH)/Moya.framework",
			);
			runOnlyForDeploymentPostprocessing = 0;
			shellPath = /bin/sh;
			shellScript = "/usr/local/bin/carthage copy-frameworks";
		};
/* End PBXShellScriptBuildPhase section */

/* Begin PBXSourcesBuildPhase section */
		17B3E03520F920CF002F670D /* Sources */ = {
			isa = PBXSourcesBuildPhase;
			buildActionMask = 2147483647;
			files = (
				17B3E03F20F920CF002F670D /* HomeViewController.swift in Sources */,
				17417F90210D2D3F00AF3539 /* GoogleConfiguration.swift in Sources */,
				17B3E03D20F920CF002F670D /* AppDelegate.swift in Sources */,
				17417F99210DDEC300AF3539 /* PlaceMarker.swift in Sources */,
				171722EF213F47B40024AA6B /* LocationManager.swift in Sources */,
				1714D4092115B822006E2D8C /* AddLocationViewModel.swift in Sources */,
				17417F95210D31B500AF3539 /* MapViewController.swift in Sources */,
				17D6E718210154830000AFCE /* AWSConfiguration.swift in Sources */,
				1774B9FE2143BDB500D1BF9A /* String+Extension.swift in Sources */,
				17417F93210D2F2000AF3539 /* GoogleMapsService.swift in Sources */,
				17417FA5210DFCBD00AF3539 /* ResponseError.swift in Sources */,
				1714D4082115B822006E2D8C /* AddLocationViewController.swift in Sources */,
				17417F97210D3EFD00AF3539 /* MapViewModel.swift in Sources */,
				171722F1213F52910024AA6B /* GeofenceService.swift in Sources */,
				17417FA1210DF48E00AF3539 /* GooglePlacesService.swift in Sources */,
				179A7F6B2117C7DB00C764E6 /* ShoppingListService.swift in Sources */,
				1714D419211723E0006E2D8C /* FindLocationViewModel.swift in Sources */,
				1714D418211723E0006E2D8C /* FindLocationViewController.swift in Sources */,
				1714D40B2115B9C6006E2D8C /* Location.swift in Sources */,
				17417F9E210DE51900AF3539 /* GooglePlace.swift in Sources */,
				1714D41521170541006E2D8C /* LocationsService.swift in Sources */,
				1714D4102115BDD7006E2D8C /* LocationsViewController.swift in Sources */,
				179FCAB42118C2E300C20258 /* AddShoppingListItemViewController.swift in Sources */,
				17417FA3210DF50700AF3539 /* String+Network.swift in Sources */,
				17417FAE210E0DA400AF3539 /* UIView+Extension.swift in Sources */,
				17417FA7210E01BF00AF3539 /* GooglePlacesResponse.swift in Sources */,
				17867275210657FA003B906D /* ShoppingListItem.swift in Sources */,
				1774B9F7214325E400D1BF9A /* NotificationsManager.swift in Sources */,
				1714D4132115D509006E2D8C /* LocationMarker.swift in Sources */,
				1714D4112115BDD7006E2D8C /* LocationsViewModel.swift in Sources */,
				17D6E713210149BC0000AFCE /* AmazonClientManager.swift in Sources */,
				179FCAB52118C2E300C20258 /* AddShoppingListItemViewModel.swift in Sources */,
				1786727221064684003B906D /* ShoppingListViewModel.swift in Sources */,
				17417FAA210E08C800AF3539 /* MarkerInfoView.swift in Sources */,
				173415BC20F937E600080C48 /* ShoppingListViewController.swift in Sources */,
			);
			runOnlyForDeploymentPostprocessing = 0;
		};
		17B3E04920F920D1002F670D /* Sources */ = {
			isa = PBXSourcesBuildPhase;
			buildActionMask = 2147483647;
			files = (
				17B3E05220F920D1002F670D /* Shopping_AssistantTests.swift in Sources */,
			);
			runOnlyForDeploymentPostprocessing = 0;
		};
		17B3E05420F920D1002F670D /* Sources */ = {
			isa = PBXSourcesBuildPhase;
			buildActionMask = 2147483647;
			files = (
				17B3E05D20F920D1002F670D /* Shopping_AssistantUITests.swift in Sources */,
			);
			runOnlyForDeploymentPostprocessing = 0;
		};
/* End PBXSourcesBuildPhase section */

/* Begin PBXTargetDependency section */
		17B3E04F20F920D1002F670D /* PBXTargetDependency */ = {
			isa = PBXTargetDependency;
			target = 17B3E03820F920CF002F670D /* Shopping Assistant */;
			targetProxy = 17B3E04E20F920D1002F670D /* PBXContainerItemProxy */;
		};
		17B3E05A20F920D1002F670D /* PBXTargetDependency */ = {
			isa = PBXTargetDependency;
			target = 17B3E03820F920CF002F670D /* Shopping Assistant */;
			targetProxy = 17B3E05920F920D1002F670D /* PBXContainerItemProxy */;
		};
/* End PBXTargetDependency section */

/* Begin PBXVariantGroup section */
		17B3E04020F920CF002F670D /* Main.storyboard */ = {
			isa = PBXVariantGroup;
			children = (
				17B3E04120F920CF002F670D /* Base */,
			);
			name = Main.storyboard;
			sourceTree = "<group>";
		};
		17B3E04520F920D1002F670D /* LaunchScreen.storyboard */ = {
			isa = PBXVariantGroup;
			children = (
				17B3E04620F920D1002F670D /* Base */,
			);
			name = LaunchScreen.storyboard;
			sourceTree = "<group>";
		};
/* End PBXVariantGroup section */

/* Begin XCBuildConfiguration section */
		17B3E05F20F920D1002F670D /* Debug */ = {
			isa = XCBuildConfiguration;
			buildSettings = {
				ALWAYS_SEARCH_USER_PATHS = NO;
				CLANG_ANALYZER_NONNULL = YES;
				CLANG_ANALYZER_NUMBER_OBJECT_CONVERSION = YES_AGGRESSIVE;
				CLANG_CXX_LANGUAGE_STANDARD = "gnu++14";
				CLANG_CXX_LIBRARY = "libc++";
				CLANG_ENABLE_MODULES = YES;
				CLANG_ENABLE_OBJC_ARC = YES;
				CLANG_ENABLE_OBJC_WEAK = YES;
				CLANG_WARN_BLOCK_CAPTURE_AUTORELEASING = YES;
				CLANG_WARN_BOOL_CONVERSION = YES;
				CLANG_WARN_COMMA = YES;
				CLANG_WARN_CONSTANT_CONVERSION = YES;
				CLANG_WARN_DEPRECATED_OBJC_IMPLEMENTATIONS = YES;
				CLANG_WARN_DIRECT_OBJC_ISA_USAGE = YES_ERROR;
				CLANG_WARN_DOCUMENTATION_COMMENTS = YES;
				CLANG_WARN_EMPTY_BODY = YES;
				CLANG_WARN_ENUM_CONVERSION = YES;
				CLANG_WARN_INFINITE_RECURSION = YES;
				CLANG_WARN_INT_CONVERSION = YES;
				CLANG_WARN_NON_LITERAL_NULL_CONVERSION = YES;
				CLANG_WARN_OBJC_IMPLICIT_RETAIN_SELF = YES;
				CLANG_WARN_OBJC_LITERAL_CONVERSION = YES;
				CLANG_WARN_OBJC_ROOT_CLASS = YES_ERROR;
				CLANG_WARN_RANGE_LOOP_ANALYSIS = YES;
				CLANG_WARN_STRICT_PROTOTYPES = YES;
				CLANG_WARN_SUSPICIOUS_MOVE = YES;
				CLANG_WARN_UNGUARDED_AVAILABILITY = YES_AGGRESSIVE;
				CLANG_WARN_UNREACHABLE_CODE = YES;
				CLANG_WARN__DUPLICATE_METHOD_MATCH = YES;
				CODE_SIGN_IDENTITY = "iPhone Developer";
				COPY_PHASE_STRIP = NO;
				DEBUG_INFORMATION_FORMAT = dwarf;
				ENABLE_STRICT_OBJC_MSGSEND = YES;
				ENABLE_TESTABILITY = YES;
				GCC_C_LANGUAGE_STANDARD = gnu11;
				GCC_DYNAMIC_NO_PIC = NO;
				GCC_NO_COMMON_BLOCKS = YES;
				GCC_OPTIMIZATION_LEVEL = 0;
				GCC_PREPROCESSOR_DEFINITIONS = (
					"DEBUG=1",
					"$(inherited)",
				);
				GCC_WARN_64_TO_32_BIT_CONVERSION = YES;
				GCC_WARN_ABOUT_RETURN_TYPE = YES_ERROR;
				GCC_WARN_UNDECLARED_SELECTOR = YES;
				GCC_WARN_UNINITIALIZED_AUTOS = YES_AGGRESSIVE;
				GCC_WARN_UNUSED_FUNCTION = YES;
				GCC_WARN_UNUSED_VARIABLE = YES;
				IPHONEOS_DEPLOYMENT_TARGET = 11.4;
				MTL_ENABLE_DEBUG_INFO = YES;
				ONLY_ACTIVE_ARCH = YES;
				OTHER_LDFLAGS = "-ObjC";
				SDKROOT = iphoneos;
				SWIFT_ACTIVE_COMPILATION_CONDITIONS = DEBUG;
				SWIFT_OPTIMIZATION_LEVEL = "-Onone";
			};
			name = Debug;
		};
		17B3E06020F920D1002F670D /* Release */ = {
			isa = XCBuildConfiguration;
			buildSettings = {
				ALWAYS_SEARCH_USER_PATHS = NO;
				CLANG_ANALYZER_NONNULL = YES;
				CLANG_ANALYZER_NUMBER_OBJECT_CONVERSION = YES_AGGRESSIVE;
				CLANG_CXX_LANGUAGE_STANDARD = "gnu++14";
				CLANG_CXX_LIBRARY = "libc++";
				CLANG_ENABLE_MODULES = YES;
				CLANG_ENABLE_OBJC_ARC = YES;
				CLANG_ENABLE_OBJC_WEAK = YES;
				CLANG_WARN_BLOCK_CAPTURE_AUTORELEASING = YES;
				CLANG_WARN_BOOL_CONVERSION = YES;
				CLANG_WARN_COMMA = YES;
				CLANG_WARN_CONSTANT_CONVERSION = YES;
				CLANG_WARN_DEPRECATED_OBJC_IMPLEMENTATIONS = YES;
				CLANG_WARN_DIRECT_OBJC_ISA_USAGE = YES_ERROR;
				CLANG_WARN_DOCUMENTATION_COMMENTS = YES;
				CLANG_WARN_EMPTY_BODY = YES;
				CLANG_WARN_ENUM_CONVERSION = YES;
				CLANG_WARN_INFINITE_RECURSION = YES;
				CLANG_WARN_INT_CONVERSION = YES;
				CLANG_WARN_NON_LITERAL_NULL_CONVERSION = YES;
				CLANG_WARN_OBJC_IMPLICIT_RETAIN_SELF = YES;
				CLANG_WARN_OBJC_LITERAL_CONVERSION = YES;
				CLANG_WARN_OBJC_ROOT_CLASS = YES_ERROR;
				CLANG_WARN_RANGE_LOOP_ANALYSIS = YES;
				CLANG_WARN_STRICT_PROTOTYPES = YES;
				CLANG_WARN_SUSPICIOUS_MOVE = YES;
				CLANG_WARN_UNGUARDED_AVAILABILITY = YES_AGGRESSIVE;
				CLANG_WARN_UNREACHABLE_CODE = YES;
				CLANG_WARN__DUPLICATE_METHOD_MATCH = YES;
				CODE_SIGN_IDENTITY = "iPhone Developer";
				COPY_PHASE_STRIP = NO;
				DEBUG_INFORMATION_FORMAT = "dwarf-with-dsym";
				ENABLE_NS_ASSERTIONS = NO;
				ENABLE_STRICT_OBJC_MSGSEND = YES;
				GCC_C_LANGUAGE_STANDARD = gnu11;
				GCC_NO_COMMON_BLOCKS = YES;
				GCC_WARN_64_TO_32_BIT_CONVERSION = YES;
				GCC_WARN_ABOUT_RETURN_TYPE = YES_ERROR;
				GCC_WARN_UNDECLARED_SELECTOR = YES;
				GCC_WARN_UNINITIALIZED_AUTOS = YES_AGGRESSIVE;
				GCC_WARN_UNUSED_FUNCTION = YES;
				GCC_WARN_UNUSED_VARIABLE = YES;
				IPHONEOS_DEPLOYMENT_TARGET = 11.4;
				MTL_ENABLE_DEBUG_INFO = NO;
				OTHER_LDFLAGS = "-ObjC";
				SDKROOT = iphoneos;
				SWIFT_COMPILATION_MODE = wholemodule;
				SWIFT_OPTIMIZATION_LEVEL = "-O";
				VALIDATE_PRODUCT = YES;
			};
			name = Release;
		};
		17B3E06220F920D1002F670D /* Debug */ = {
			isa = XCBuildConfiguration;
			baseConfigurationReference = 17D6E71521014F770000AFCE /* Debug.xcconfig */;
			buildSettings = {
				ASSETCATALOG_COMPILER_APPICON_NAME = AppIcon;
				CODE_SIGN_STYLE = Automatic;
				DEVELOPMENT_TEAM = 3XHD9SVKHL;
				FRAMEWORK_SEARCH_PATHS = (
					"$(inherited)",
					"$(PROJECT_DIR)/Carthage/Build/iOS",
					"$(PROJECT_DIR)/Frameworks",
				);
				INFOPLIST_FILE = "Shopping Assistant/Info.plist";
				LD_RUNPATH_SEARCH_PATHS = (
					"$(inherited)",
					"@executable_path/Frameworks",
				);
				PRODUCT_BUNDLE_IDENTIFIER = com.tombell.ShoppingAssistant;
				PRODUCT_NAME = "$(TARGET_NAME)";
				SWIFT_OBJC_BRIDGING_HEADER = "Shopping Assistant/BridgingHeader.h";
				SWIFT_VERSION = 4.0;
				TARGETED_DEVICE_FAMILY = "1,2";
			};
			name = Debug;
		};
		17B3E06320F920D1002F670D /* Release */ = {
			isa = XCBuildConfiguration;
			baseConfigurationReference = 17D6E71621014FC60000AFCE /* Release.xcconfig */;
			buildSettings = {
				ASSETCATALOG_COMPILER_APPICON_NAME = AppIcon;
				CODE_SIGN_STYLE = Automatic;
				DEVELOPMENT_TEAM = 3XHD9SVKHL;
				FRAMEWORK_SEARCH_PATHS = (
					"$(inherited)",
					"$(PROJECT_DIR)/Carthage/Build/iOS",
					"$(PROJECT_DIR)/Frameworks",
				);
				INFOPLIST_FILE = "Shopping Assistant/Info.plist";
				LD_RUNPATH_SEARCH_PATHS = (
					"$(inherited)",
					"@executable_path/Frameworks",
				);
				PRODUCT_BUNDLE_IDENTIFIER = com.tombell.ShoppingAssistant;
				PRODUCT_NAME = "$(TARGET_NAME)";
				SWIFT_OBJC_BRIDGING_HEADER = "Shopping Assistant/BridgingHeader.h";
				SWIFT_VERSION = 4.0;
				TARGETED_DEVICE_FAMILY = "1,2";
			};
			name = Release;
		};
		17B3E06520F920D1002F670D /* Debug */ = {
			isa = XCBuildConfiguration;
			buildSettings = {
				ALWAYS_EMBED_SWIFT_STANDARD_LIBRARIES = YES;
				BUNDLE_LOADER = "$(TEST_HOST)";
				CODE_SIGN_STYLE = Automatic;
				DEVELOPMENT_TEAM = 3WDE8X48TV;
				INFOPLIST_FILE = "Shopping AssistantTests/Info.plist";
				LD_RUNPATH_SEARCH_PATHS = (
					"$(inherited)",
					"@executable_path/Frameworks",
					"@loader_path/Frameworks",
				);
				PRODUCT_BUNDLE_IDENTIFIER = "com.tombell.Shopping-AssistantTests";
				PRODUCT_NAME = "$(TARGET_NAME)";
				SWIFT_VERSION = 4.0;
				TARGETED_DEVICE_FAMILY = "1,2";
				TEST_HOST = "$(BUILT_PRODUCTS_DIR)/Shopping Assistant.app/Shopping Assistant";
			};
			name = Debug;
		};
		17B3E06620F920D1002F670D /* Release */ = {
			isa = XCBuildConfiguration;
			buildSettings = {
				ALWAYS_EMBED_SWIFT_STANDARD_LIBRARIES = YES;
				BUNDLE_LOADER = "$(TEST_HOST)";
				CODE_SIGN_STYLE = Automatic;
				DEVELOPMENT_TEAM = 3WDE8X48TV;
				INFOPLIST_FILE = "Shopping AssistantTests/Info.plist";
				LD_RUNPATH_SEARCH_PATHS = (
					"$(inherited)",
					"@executable_path/Frameworks",
					"@loader_path/Frameworks",
				);
				PRODUCT_BUNDLE_IDENTIFIER = "com.tombell.Shopping-AssistantTests";
				PRODUCT_NAME = "$(TARGET_NAME)";
				SWIFT_VERSION = 4.0;
				TARGETED_DEVICE_FAMILY = "1,2";
				TEST_HOST = "$(BUILT_PRODUCTS_DIR)/Shopping Assistant.app/Shopping Assistant";
			};
			name = Release;
		};
		17B3E06820F920D1002F670D /* Debug */ = {
			isa = XCBuildConfiguration;
			buildSettings = {
				ALWAYS_EMBED_SWIFT_STANDARD_LIBRARIES = YES;
				CODE_SIGN_STYLE = Automatic;
				DEVELOPMENT_TEAM = 3WDE8X48TV;
				INFOPLIST_FILE = "Shopping AssistantUITests/Info.plist";
				LD_RUNPATH_SEARCH_PATHS = (
					"$(inherited)",
					"@executable_path/Frameworks",
					"@loader_path/Frameworks",
				);
				PRODUCT_BUNDLE_IDENTIFIER = "com.tombell.Shopping-AssistantUITests";
				PRODUCT_NAME = "$(TARGET_NAME)";
				SWIFT_VERSION = 4.0;
				TARGETED_DEVICE_FAMILY = "1,2";
				TEST_TARGET_NAME = "Shopping Assistant";
			};
			name = Debug;
		};
		17B3E06920F920D1002F670D /* Release */ = {
			isa = XCBuildConfiguration;
			buildSettings = {
				ALWAYS_EMBED_SWIFT_STANDARD_LIBRARIES = YES;
				CODE_SIGN_STYLE = Automatic;
				DEVELOPMENT_TEAM = 3WDE8X48TV;
				INFOPLIST_FILE = "Shopping AssistantUITests/Info.plist";
				LD_RUNPATH_SEARCH_PATHS = (
					"$(inherited)",
					"@executable_path/Frameworks",
					"@loader_path/Frameworks",
				);
				PRODUCT_BUNDLE_IDENTIFIER = "com.tombell.Shopping-AssistantUITests";
				PRODUCT_NAME = "$(TARGET_NAME)";
				SWIFT_VERSION = 4.0;
				TARGETED_DEVICE_FAMILY = "1,2";
				TEST_TARGET_NAME = "Shopping Assistant";
			};
			name = Release;
		};
/* End XCBuildConfiguration section */

/* Begin XCConfigurationList section */
		17B3E03420F920CF002F670D /* Build configuration list for PBXProject "Shopping Assistant" */ = {
			isa = XCConfigurationList;
			buildConfigurations = (
				17B3E05F20F920D1002F670D /* Debug */,
				17B3E06020F920D1002F670D /* Release */,
			);
			defaultConfigurationIsVisible = 0;
			defaultConfigurationName = Release;
		};
		17B3E06120F920D1002F670D /* Build configuration list for PBXNativeTarget "Shopping Assistant" */ = {
			isa = XCConfigurationList;
			buildConfigurations = (
				17B3E06220F920D1002F670D /* Debug */,
				17B3E06320F920D1002F670D /* Release */,
			);
			defaultConfigurationIsVisible = 0;
			defaultConfigurationName = Release;
		};
		17B3E06420F920D1002F670D /* Build configuration list for PBXNativeTarget "Shopping AssistantTests" */ = {
			isa = XCConfigurationList;
			buildConfigurations = (
				17B3E06520F920D1002F670D /* Debug */,
				17B3E06620F920D1002F670D /* Release */,
			);
			defaultConfigurationIsVisible = 0;
			defaultConfigurationName = Release;
		};
		17B3E06720F920D1002F670D /* Build configuration list for PBXNativeTarget "Shopping AssistantUITests" */ = {
			isa = XCConfigurationList;
			buildConfigurations = (
				17B3E06820F920D1002F670D /* Debug */,
				17B3E06920F920D1002F670D /* Release */,
			);
			defaultConfigurationIsVisible = 0;
			defaultConfigurationName = Release;
		};
/* End XCConfigurationList section */
	};
	rootObject = 17B3E03120F920CF002F670D /* Project object */;
}
